
Microsoft Visual Studio Solution File, Format Version 12.00
# Visual Studio Version 17
VisualStudioVersion = 17.8.34309.116
MinimumVisualStudioVersion = 10.0.40219.1
Project("{9A19103F-16F7-4668-BE54-9A1E7A4F7556}") = "01-from-template.Core", "src\01-from-template.Core\01-from-template.Core.csproj", "{BDD9C47C-F48F-4557-B739-FB7296969BA3}"
EndProject
Project("{9A19103F-16F7-4668-BE54-9A1E7A4F7556}") = "01-from-template.Infrastructure", "src\01-from-template.Infrastructure\01-from-template.Infrastructure.csproj", "{B0D48182-7BD2-4D02-82DD-BD5B2CAF0C4B}"
EndProject
Project("{9A19103F-16F7-4668-BE54-9A1E7A4F7556}") = "01-from-template.UseCases", "src\01-from-template.UseCases\01-from-template.UseCases.csproj", "{95D3FAFF-C82A-4311-8C79-062388FA72DA}"
EndProject
Project("{9A19103F-16F7-4668-BE54-9A1E7A4F7556}") = "01-from-template.Web", "src\01-from-template.Web\01-from-template.Web.csproj", "{76EE82BB-2201-4C19-8D10-23729CA54B6D}"
EndProject
Project("{9A19103F-16F7-4668-BE54-9A1E7A4F7556}") = "01-from-template.FunctionalTests", "tests\01-from-template.FunctionalTests\01-from-template.FunctionalTests.csproj", "{D24E68F9-0C9F-466F-9F87-8C2E743A57B0}"
EndProject
Project("{2150E333-8FDC-42A3-9474-1A3956D46DE8}") = "tests", "tests", "{49C6D1FD-3040-484E-9EFB-ACF6506639DF}"
EndProject
Project("{9A19103F-16F7-4668-BE54-9A1E7A4F7556}") = "01-from-template.IntegrationTests", "tests\01-from-template.IntegrationTests\01-from-template.IntegrationTests.csproj", "{4FBCC614-190B-4096-8A88-FA03BA4EC953}"
EndProject
Project("{9A19103F-16F7-4668-BE54-9A1E7A4F7556}") = "01-from-template.UnitTests", "tests\01-from-template.UnitTests\01-from-template.UnitTests.csproj", "{FD665E9F-54A0-4571-A491-B6D7BF556C3A}"
EndProject
Global
	GlobalSection(SolutionConfigurationPlatforms) = preSolution
		Debug|Any CPU = Debug|Any CPU
		Release|Any CPU = Release|Any CPU
	EndGlobalSection
	GlobalSection(ProjectConfigurationPlatforms) = postSolution
		{BDD9C47C-F48F-4557-B739-FB7296969BA3}.Debug|Any CPU.ActiveCfg = Debug|Any CPU
		{BDD9C47C-F48F-4557-B739-FB7296969BA3}.Debug|Any CPU.Build.0 = Debug|Any CPU
		{BDD9C47C-F48F-4557-B739-FB7296969BA3}.Release|Any CPU.ActiveCfg = Release|Any CPU
		{BDD9C47C-F48F-4557-B739-FB7296969BA3}.Release|Any CPU.Build.0 = Release|Any CPU
		{B0D48182-7BD2-4D02-82DD-BD5B2CAF0C4B}.Debug|Any CPU.ActiveCfg = Debug|Any CPU
		{B0D48182-7BD2-4D02-82DD-BD5B2CAF0C4B}.Debug|Any CPU.Build.0 = Debug|Any CPU
		{B0D48182-7BD2-4D02-82DD-BD5B2CAF0C4B}.Release|Any CPU.ActiveCfg = Release|Any CPU
		{B0D48182-7BD2-4D02-82DD-BD5B2CAF0C4B}.Release|Any CPU.Build.0 = Release|Any CPU
		{95D3FAFF-C82A-4311-8C79-062388FA72DA}.Debug|Any CPU.ActiveCfg = Debug|Any CPU
		{95D3FAFF-C82A-4311-8C79-062388FA72DA}.Debug|Any CPU.Build.0 = Debug|Any CPU
		{95D3FAFF-C82A-4311-8C79-062388FA72DA}.Release|Any CPU.ActiveCfg = Release|Any CPU
		{95D3FAFF-C82A-4311-8C79-062388FA72DA}.Release|Any CPU.Build.0 = Release|Any CPU
		{76EE82BB-2201-4C19-8D10-23729CA54B6D}.Debug|Any CPU.ActiveCfg = Debug|Any CPU
		{76EE82BB-2201-4C19-8D10-23729CA54B6D}.Debug|Any CPU.Build.0 = Debug|Any CPU
		{76EE82BB-2201-4C19-8D10-23729CA54B6D}.Release|Any CPU.ActiveCfg = Release|Any CPU
		{76EE82BB-2201-4C19-8D10-23729CA54B6D}.Release|Any CPU.Build.0 = Release|Any CPU
		{D24E68F9-0C9F-466F-9F87-8C2E743A57B0}.Debug|Any CPU.ActiveCfg = Debug|Any CPU
		{D24E68F9-0C9F-466F-9F87-8C2E743A57B0}.Debug|Any CPU.Build.0 = Debug|Any CPU
		{D24E68F9-0C9F-466F-9F87-8C2E743A57B0}.Release|Any CPU.ActiveCfg = Release|Any CPU
		{D24E68F9-0C9F-466F-9F87-8C2E743A57B0}.Release|Any CPU.Build.0 = Release|Any CPU
		{4FBCC614-190B-4096-8A88-FA03BA4EC953}.Debug|Any CPU.ActiveCfg = Debug|Any CPU
		{4FBCC614-190B-4096-8A88-FA03BA4EC953}.Debug|Any CPU.Build.0 = Debug|Any CPU
		{4FBCC614-190B-4096-8A88-FA03BA4EC953}.Release|Any CPU.ActiveCfg = Release|Any CPU
		{4FBCC614-190B-4096-8A88-FA03BA4EC953}.Release|Any CPU.Build.0 = Release|Any CPU
		{FD665E9F-54A0-4571-A491-B6D7BF556C3A}.Debug|Any CPU.ActiveCfg = Debug|Any CPU
		{FD665E9F-54A0-4571-A491-B6D7BF556C3A}.Debug|Any CPU.Build.0 = Debug|Any CPU
		{FD665E9F-54A0-4571-A491-B6D7BF556C3A}.Release|Any CPU.ActiveCfg = Release|Any CPU
		{FD665E9F-54A0-4571-A491-B6D7BF556C3A}.Release|Any CPU.Build.0 = Release|Any CPU
	EndGlobalSection
	GlobalSection(SolutionProperties) = preSolution
		HideSolutionNode = FALSE
	EndGlobalSection
	GlobalSection(NestedProjects) = preSolution
		{D24E68F9-0C9F-466F-9F87-8C2E743A57B0} = {49C6D1FD-3040-484E-9EFB-ACF6506639DF}
		{4FBCC614-190B-4096-8A88-FA03BA4EC953} = {49C6D1FD-3040-484E-9EFB-ACF6506639DF}
		{FD665E9F-54A0-4571-A491-B6D7BF556C3A} = {49C6D1FD-3040-484E-9EFB-ACF6506639DF}
	EndGlobalSection
	GlobalSection(ExtensibilityGlobals) = postSolution
		SolutionGuid = {18073E6F-EE45-409E-A28A-2A50475CB357}
	EndGlobalSection
EndGlobal
