
Microsoft Visual Studio Solution File, Format Version 12.00
# Visual Studio Version 17
VisualStudioVersion = 17.0.31815.197
MinimumVisualStudioVersion = 10.0.40219.1
Project("{2150E333-8FDC-42A3-9474-1A3956D46DE8}") = "src", "src", "{106AE906-5075-410A-B941-912F811848EE}"
EndProject
Project("{2150E333-8FDC-42A3-9474-1A3956D46DE8}") = "tests", "tests", "{B31B4797-1D9F-4288-808C-BE9A31A98C7D}"
EndProject
Project("{2150E333-8FDC-42A3-9474-1A3956D46DE8}") = "Solution Items", "Solution Items", "{250F283E-FE2F-4BBD-9E63-A2265B84E23F}"
	ProjectSection(SolutionItems) = preProject
		.editorconfig = .editorconfig
		CleanArchitecture.nuspec = CleanArchitecture.nuspec
		Directory.Build.props = Directory.Build.props
		Directory.Packages.props = Directory.Packages.props
	EndProjectSection
EndProject
Project("{2150E333-8FDC-42A3-9474-1A3956D46DE8}") = "common", "common", "{46B8286F-88AC-4ADD-BC8C-E24ABCCCCEAF}"
EndProject
Project("{9A19103F-16F7-4668-BE54-9A1E7A4F7556}") = "Project.Core", "src\Project.Core\Project.Core.csproj", "{5ACA4F1B-D803-4B3A-AC73-87CB90628756}"
EndProject
Project("{9A19103F-16F7-4668-BE54-9A1E7A4F7556}") = "Project.Infrastructure", "src\Project.Infrastructure\Project.Infrastructure.csproj", "{5EC6CE8B-7E93-4BA3-89E6-578EB6141212}"
EndProject
Project("{9A19103F-16F7-4668-BE54-9A1E7A4F7556}") = "Project.UseCases", "src\Project.UseCases\Project.UseCases.csproj", "{65ED5C03-123B-4C92-A6AA-8F3074454597}"
EndProject
Project("{9A19103F-16F7-4668-BE54-9A1E7A4F7556}") = "Project.Web", "src\Project.Web\Project.Web.csproj", "{445BF7F1-CC88-49F5-9985-B8A4E6A1AD01}"
EndProject
Project("{9A19103F-16F7-4668-BE54-9A1E7A4F7556}") = "Project.FunctionalTests", "tests\Project.FunctionalTests\Project.FunctionalTests.csproj", "{7D2FBC2D-DCCC-4926-8422-2582416408A0}"
EndProject
Project("{9A19103F-16F7-4668-BE54-9A1E7A4F7556}") = "Project.IntegrationTests", "tests\Project.IntegrationTests\Project.IntegrationTests.csproj", "{17B1EAAE-3DF6-4EEF-98C2-34A3D485040E}"
EndProject
Project("{9A19103F-16F7-4668-BE54-9A1E7A4F7556}") = "Project.UnitTests", "tests\Project.UnitTests\Project.UnitTests.csproj", "{B430A961-5977-4D7A-A8EF-98CDEC3A1B54}"
EndProject
Global
	GlobalSection(SolutionConfigurationPlatforms) = preSolution
		Debug|Any CPU = Debug|Any CPU
		Debug|x64 = Debug|x64
		Debug|x86 = Debug|x86
		Release|Any CPU = Release|Any CPU
		Release|x64 = Release|x64
		Release|x86 = Release|x86
	EndGlobalSection
	GlobalSection(ProjectConfigurationPlatforms) = postSolution
		{5ACA4F1B-D803-4B3A-AC73-87CB90628756}.Debug|Any CPU.ActiveCfg = Debug|Any CPU
		{5ACA4F1B-D803-4B3A-AC73-87CB90628756}.Debug|Any CPU.Build.0 = Debug|Any CPU
		{5ACA4F1B-D803-4B3A-AC73-87CB90628756}.Debug|x64.ActiveCfg = Debug|Any CPU
		{5ACA4F1B-D803-4B3A-AC73-87CB90628756}.Debug|x64.Build.0 = Debug|Any CPU
		{5ACA4F1B-D803-4B3A-AC73-87CB90628756}.Debug|x86.ActiveCfg = Debug|Any CPU
		{5ACA4F1B-D803-4B3A-AC73-87CB90628756}.Debug|x86.Build.0 = Debug|Any CPU
		{5ACA4F1B-D803-4B3A-AC73-87CB90628756}.Release|Any CPU.ActiveCfg = Release|Any CPU
		{5ACA4F1B-D803-4B3A-AC73-87CB90628756}.Release|Any CPU.Build.0 = Release|Any CPU
		{5ACA4F1B-D803-4B3A-AC73-87CB90628756}.Release|x64.ActiveCfg = Release|Any CPU
		{5ACA4F1B-D803-4B3A-AC73-87CB90628756}.Release|x64.Build.0 = Release|Any CPU
		{5ACA4F1B-D803-4B3A-AC73-87CB90628756}.Release|x86.ActiveCfg = Release|Any CPU
		{5ACA4F1B-D803-4B3A-AC73-87CB90628756}.Release|x86.Build.0 = Release|Any CPU
		{5EC6CE8B-7E93-4BA3-89E6-578EB6141212}.Debug|Any CPU.ActiveCfg = Debug|Any CPU
		{5EC6CE8B-7E93-4BA3-89E6-578EB6141212}.Debug|Any CPU.Build.0 = Debug|Any CPU
		{5EC6CE8B-7E93-4BA3-89E6-578EB6141212}.Debug|x64.ActiveCfg = Debug|Any CPU
		{5EC6CE8B-7E93-4BA3-89E6-578EB6141212}.Debug|x64.Build.0 = Debug|Any CPU
		{5EC6CE8B-7E93-4BA3-89E6-578EB6141212}.Debug|x86.ActiveCfg = Debug|Any CPU
		{5EC6CE8B-7E93-4BA3-89E6-578EB6141212}.Debug|x86.Build.0 = Debug|Any CPU
		{5EC6CE8B-7E93-4BA3-89E6-578EB6141212}.Release|Any CPU.ActiveCfg = Release|Any CPU
		{5EC6CE8B-7E93-4BA3-89E6-578EB6141212}.Release|Any CPU.Build.0 = Release|Any CPU
		{5EC6CE8B-7E93-4BA3-89E6-578EB6141212}.Release|x64.ActiveCfg = Release|Any CPU
		{5EC6CE8B-7E93-4BA3-89E6-578EB6141212}.Release|x64.Build.0 = Release|Any CPU
		{5EC6CE8B-7E93-4BA3-89E6-578EB6141212}.Release|x86.ActiveCfg = Release|Any CPU
		{5EC6CE8B-7E93-4BA3-89E6-578EB6141212}.Release|x86.Build.0 = Release|Any CPU
		{65ED5C03-123B-4C92-A6AA-8F3074454597}.Debug|Any CPU.ActiveCfg = Debug|Any CPU
		{65ED5C03-123B-4C92-A6AA-8F3074454597}.Debug|Any CPU.Build.0 = Debug|Any CPU
		{65ED5C03-123B-4C92-A6AA-8F3074454597}.Debug|x64.ActiveCfg = Debug|Any CPU
		{65ED5C03-123B-4C92-A6AA-8F3074454597}.Debug|x64.Build.0 = Debug|Any CPU
		{65ED5C03-123B-4C92-A6AA-8F3074454597}.Debug|x86.ActiveCfg = Debug|Any CPU
		{65ED5C03-123B-4C92-A6AA-8F3074454597}.Debug|x86.Build.0 = Debug|Any CPU
		{65ED5C03-123B-4C92-A6AA-8F3074454597}.Release|Any CPU.ActiveCfg = Release|Any CPU
		{65ED5C03-123B-4C92-A6AA-8F3074454597}.Release|Any CPU.Build.0 = Release|Any CPU
		{65ED5C03-123B-4C92-A6AA-8F3074454597}.Release|x64.ActiveCfg = Release|Any CPU
		{65ED5C03-123B-4C92-A6AA-8F3074454597}.Release|x64.Build.0 = Release|Any CPU
		{65ED5C03-123B-4C92-A6AA-8F3074454597}.Release|x86.ActiveCfg = Release|Any CPU
		{65ED5C03-123B-4C92-A6AA-8F3074454597}.Release|x86.Build.0 = Release|Any CPU
		{445BF7F1-CC88-49F5-9985-B8A4E6A1AD01}.Debug|Any CPU.ActiveCfg = Debug|Any CPU
		{445BF7F1-CC88-49F5-9985-B8A4E6A1AD01}.Debug|Any CPU.Build.0 = Debug|Any CPU
		{445BF7F1-CC88-49F5-9985-B8A4E6A1AD01}.Debug|x64.ActiveCfg = Debug|Any CPU
		{445BF7F1-CC88-49F5-9985-B8A4E6A1AD01}.Debug|x64.Build.0 = Debug|Any CPU
		{445BF7F1-CC88-49F5-9985-B8A4E6A1AD01}.Debug|x86.ActiveCfg = Debug|Any CPU
		{445BF7F1-CC88-49F5-9985-B8A4E6A1AD01}.Debug|x86.Build.0 = Debug|Any CPU
		{445BF7F1-CC88-49F5-9985-B8A4E6A1AD01}.Release|Any CPU.ActiveCfg = Release|Any CPU
		{445BF7F1-CC88-49F5-9985-B8A4E6A1AD01}.Release|Any CPU.Build.0 = Release|Any CPU
		{445BF7F1-CC88-49F5-9985-B8A4E6A1AD01}.Release|x64.ActiveCfg = Release|Any CPU
		{445BF7F1-CC88-49F5-9985-B8A4E6A1AD01}.Release|x64.Build.0 = Release|Any CPU
		{445BF7F1-CC88-49F5-9985-B8A4E6A1AD01}.Release|x86.ActiveCfg = Release|Any CPU
		{445BF7F1-CC88-49F5-9985-B8A4E6A1AD01}.Release|x86.Build.0 = Release|Any CPU
		{7D2FBC2D-DCCC-4926-8422-2582416408A0}.Debug|Any CPU.ActiveCfg = Debug|Any CPU
		{7D2FBC2D-DCCC-4926-8422-2582416408A0}.Debug|Any CPU.Build.0 = Debug|Any CPU
		{7D2FBC2D-DCCC-4926-8422-2582416408A0}.Debug|x64.ActiveCfg = Debug|Any CPU
		{7D2FBC2D-DCCC-4926-8422-2582416408A0}.Debug|x64.Build.0 = Debug|Any CPU
		{7D2FBC2D-DCCC-4926-8422-2582416408A0}.Debug|x86.ActiveCfg = Debug|Any CPU
		{7D2FBC2D-DCCC-4926-8422-2582416408A0}.Debug|x86.Build.0 = Debug|Any CPU
		{7D2FBC2D-DCCC-4926-8422-2582416408A0}.Release|Any CPU.ActiveCfg = Release|Any CPU
		{7D2FBC2D-DCCC-4926-8422-2582416408A0}.Release|Any CPU.Build.0 = Release|Any CPU
		{7D2FBC2D-DCCC-4926-8422-2582416408A0}.Release|x64.ActiveCfg = Release|Any CPU
		{7D2FBC2D-DCCC-4926-8422-2582416408A0}.Release|x64.Build.0 = Release|Any CPU
		{7D2FBC2D-DCCC-4926-8422-2582416408A0}.Release|x86.ActiveCfg = Release|Any CPU
		{7D2FBC2D-DCCC-4926-8422-2582416408A0}.Release|x86.Build.0 = Release|Any CPU
		{17B1EAAE-3DF6-4EEF-98C2-34A3D485040E}.Debug|Any CPU.ActiveCfg = Debug|Any CPU
		{17B1EAAE-3DF6-4EEF-98C2-34A3D485040E}.Debug|Any CPU.Build.0 = Debug|Any CPU
		{17B1EAAE-3DF6-4EEF-98C2-34A3D485040E}.Debug|x64.ActiveCfg = Debug|Any CPU
		{17B1EAAE-3DF6-4EEF-98C2-34A3D485040E}.Debug|x64.Build.0 = Debug|Any CPU
		{17B1EAAE-3DF6-4EEF-98C2-34A3D485040E}.Debug|x86.ActiveCfg = Debug|Any CPU
		{17B1EAAE-3DF6-4EEF-98C2-34A3D485040E}.Debug|x86.Build.0 = Debug|Any CPU
		{17B1EAAE-3DF6-4EEF-98C2-34A3D485040E}.Release|Any CPU.ActiveCfg = Release|Any CPU
		{17B1EAAE-3DF6-4EEF-98C2-34A3D485040E}.Release|Any CPU.Build.0 = Release|Any CPU
		{17B1EAAE-3DF6-4EEF-98C2-34A3D485040E}.Release|x64.ActiveCfg = Release|Any CPU
		{17B1EAAE-3DF6-4EEF-98C2-34A3D485040E}.Release|x64.Build.0 = Release|Any CPU
		{17B1EAAE-3DF6-4EEF-98C2-34A3D485040E}.Release|x86.ActiveCfg = Release|Any CPU
		{17B1EAAE-3DF6-4EEF-98C2-34A3D485040E}.Release|x86.Build.0 = Release|Any CPU
		{B430A961-5977-4D7A-A8EF-98CDEC3A1B54}.Debug|Any CPU.ActiveCfg = Debug|Any CPU
		{B430A961-5977-4D7A-A8EF-98CDEC3A1B54}.Debug|Any CPU.Build.0 = Debug|Any CPU
		{B430A961-5977-4D7A-A8EF-98CDEC3A1B54}.Debug|x64.ActiveCfg = Debug|Any CPU
		{B430A961-5977-4D7A-A8EF-98CDEC3A1B54}.Debug|x64.Build.0 = Debug|Any CPU
		{B430A961-5977-4D7A-A8EF-98CDEC3A1B54}.Debug|x86.ActiveCfg = Debug|Any CPU
		{B430A961-5977-4D7A-A8EF-98CDEC3A1B54}.Debug|x86.Build.0 = Debug|Any CPU
		{B430A961-5977-4D7A-A8EF-98CDEC3A1B54}.Release|Any CPU.ActiveCfg = Release|Any CPU
		{B430A961-5977-4D7A-A8EF-98CDEC3A1B54}.Release|Any CPU.Build.0 = Release|Any CPU
		{B430A961-5977-4D7A-A8EF-98CDEC3A1B54}.Release|x64.ActiveCfg = Release|Any CPU
		{B430A961-5977-4D7A-A8EF-98CDEC3A1B54}.Release|x64.Build.0 = Release|Any CPU
		{B430A961-5977-4D7A-A8EF-98CDEC3A1B54}.Release|x86.ActiveCfg = Release|Any CPU
		{B430A961-5977-4D7A-A8EF-98CDEC3A1B54}.Release|x86.Build.0 = Release|Any CPU
	EndGlobalSection
	GlobalSection(SolutionProperties) = preSolution
		HideSolutionNode = FALSE
	EndGlobalSection
	GlobalSection(NestedProjects) = preSolution
		{46B8286F-88AC-4ADD-BC8C-E24ABCCCCEAF} = {106AE906-5075-410A-B941-912F811848EE}
		{5ACA4F1B-D803-4B3A-AC73-87CB90628756} = {106AE906-5075-410A-B941-912F811848EE}
		{5EC6CE8B-7E93-4BA3-89E6-578EB6141212} = {106AE906-5075-410A-B941-912F811848EE}
		{65ED5C03-123B-4C92-A6AA-8F3074454597} = {106AE906-5075-410A-B941-912F811848EE}
		{445BF7F1-CC88-49F5-9985-B8A4E6A1AD01} = {106AE906-5075-410A-B941-912F811848EE}
		{7D2FBC2D-DCCC-4926-8422-2582416408A0} = {B31B4797-1D9F-4288-808C-BE9A31A98C7D}
		{17B1EAAE-3DF6-4EEF-98C2-34A3D485040E} = {B31B4797-1D9F-4288-808C-BE9A31A98C7D}
		{B430A961-5977-4D7A-A8EF-98CDEC3A1B54} = {B31B4797-1D9F-4288-808C-BE9A31A98C7D}
	EndGlobalSection
	GlobalSection(ExtensibilityGlobals) = postSolution
		SolutionGuid = {B0F19343-8185-4A9F-9165-0EA8544BC925}
	EndGlobalSection
EndGlobal
