
Microsoft Visual Studio Solution File, Format Version 12.00
# Visual Studio Version 17
VisualStudioVersion = 17.3.32922.545
MinimumVisualStudioVersion = 10.0.40219.1
Project("{2150E333-8FDC-42A3-9474-1A3956D46DE8}") = "06-generics", "06-generics", "{696373B6-197F-4E5D-AC49-649E46D4C20E}"
EndProject
Project("{2150E333-8FDC-42A3-9474-1A3956D46DE8}") = "13-async-prog", "13-async-prog", "{D627C438-F80E-44DF-993A-27D374380887}"
EndProject
Project("{2150E333-8FDC-42A3-9474-1A3956D46DE8}") = "01-functions", "01-functions", "{F286B384-5CB5-437F-8637-CF492457CFEC}"
EndProject
Project("{2150E333-8FDC-42A3-9474-1A3956D46DE8}") = "02-classes", "02-classes", "{BE20BD4C-018E-42D9-AFB6-C645D98E2F58}"
EndProject
Project("{2150E333-8FDC-42A3-9474-1A3956D46DE8}") = "03-interfaces", "03-interfaces", "{B398D1DD-4406-4A37-9687-882132A46F3E}"
EndProject
Project("{2150E333-8FDC-42A3-9474-1A3956D46DE8}") = "04-properties", "04-properties", "{42ABAE0A-82C0-4BF7-AD76-E747F7D4EA65}"
EndProject
Project("{2150E333-8FDC-42A3-9474-1A3956D46DE8}") = "05-enums", "05-enums", "{D26D3032-3E78-4920-A3CA-A28147768932}"
EndProject
Project("{2150E333-8FDC-42A3-9474-1A3956D46DE8}") = "07-indexers", "07-indexers", "{F28A7485-FC81-4041-AF38-EB0603908832}"
EndProject
Project("{2150E333-8FDC-42A3-9474-1A3956D46DE8}") = "12-tuples", "12-tuples", "{41C6B9EA-8D57-4ED8-9EB4-3C76483F38EA}"
EndProject
Project("{2150E333-8FDC-42A3-9474-1A3956D46DE8}") = "10-structures", "10-structures", "{EA9C9B10-2751-4EBC-B50C-4D9B5D36B32D}"
EndProject
Project("{2150E333-8FDC-42A3-9474-1A3956D46DE8}") = "08-delegates", "08-delegates", "{9ED8C355-A386-4068-9C23-38983C0FF885}"
EndProject
Project("{2150E333-8FDC-42A3-9474-1A3956D46DE8}") = "09-events", "09-events", "{9D8298D5-E08F-4A28-B17E-3CE78BEEAACE}"
EndProject
Project("{2150E333-8FDC-42A3-9474-1A3956D46DE8}") = "11-lambdas", "11-lambdas", "{3593D11D-02D2-41E4-AA2E-93995A6942C3}"
EndProject
Project("{2150E333-8FDC-42A3-9474-1A3956D46DE8}") = "17-linq", "17-linq", "{7BF15686-D9C3-4F6B-B696-E79CACF47E69}"
EndProject
Project("{2150E333-8FDC-42A3-9474-1A3956D46DE8}") = "15-records", "15-records", "{1C1C4429-92B9-4FBF-AFF6-D874E60CA5F6}"
EndProject
Project("{2150E333-8FDC-42A3-9474-1A3956D46DE8}") = "99a-events-demo-start", "99a-events-demo-start", "{620780BE-855E-47ED-8999-43D73E224C17}"
EndProject
Project("{2150E333-8FDC-42A3-9474-1A3956D46DE8}") = "99b-events-demo-end", "99b-events-demo-end", "{EBB50A55-82EE-4988-B8D0-FB264D7BA0BB}"
EndProject
Project("{2150E333-8FDC-42A3-9474-1A3956D46DE8}") = "14-nullable", "14-nullable", "{A102DBA1-F311-48FF-AAFE-10A5A67D20A3}"
EndProject
Project("{2150E333-8FDC-42A3-9474-1A3956D46DE8}") = "99.tim.correy.tutorial", "99.tim.correy.tutorial", "{81BF78F4-6C90-4F1E-9D1D-6EB5B740EB0A}"
EndProject
Project("{2150E333-8FDC-42A3-9474-1A3956D46DE8}") = "98.microsoft.tutorial", "98.microsoft.tutorial", "{F61B15AC-EB8E-4804-A0F3-C317F123705F}"
EndProject
Project("{9A19103F-16F7-4668-BE54-9A1E7A4F7556}") = "01.simple.case", "01-language\01-functions\01-simple-case\01.simple.case.csproj", "{C59F9DD5-80F2-4284-AA98-920ED191BB37}"
EndProject
Project("{9A19103F-16F7-4668-BE54-9A1E7A4F7556}") = "02.optional.named.params", "01-language\01-functions\02-optional-params\02.optional.named.params.csproj", "{BAE778ED-15FA-4252-800A-8191516EA979}"
EndProject
Project("{9A19103F-16F7-4668-BE54-9A1E7A4F7556}") = "00.modifiers.public", "01-language\02-classes\01-modifiers-public\00.modifiers.public.csproj", "{8F582078-DB70-4A2A-8B41-BE7C8D95EAE7}"
EndProject
Project("{9A19103F-16F7-4668-BE54-9A1E7A4F7556}") = "02.modifiers.protected", "01-language\02-classes\02-modifiers-protected\02.modifiers.protected.csproj", "{6072427A-527D-4724-B7BB-D27C54444D3A}"
EndProject
Project("{9A19103F-16F7-4668-BE54-9A1E7A4F7556}") = "03.modifiers.internal", "01-language\02-classes\03-modifiers-internal\03.modifiers.internal.csproj", "{A0B9F25B-17CB-4970-97E9-7D111B555F57}"
EndProject
Project("{9A19103F-16F7-4668-BE54-9A1E7A4F7556}") = "04.modifiers.protected.internal", "01-language\02-classes\04-modifiers-protected-internal\04.modifiers.protected.internal.csproj", "{292D83CF-AF4B-426B-AB3F-0A105698BD08}"
EndProject
Project("{9A19103F-16F7-4668-BE54-9A1E7A4F7556}") = "05.modifiers.private", "01-language\02-classes\05-modifiers-private\05.modifiers.private.csproj", "{3DCE5E3C-6A0E-4979-A601-83DD600798CD}"
EndProject
Project("{9A19103F-16F7-4668-BE54-9A1E7A4F7556}") = "06.modifiers.private.protected", "01-language\02-classes\06-modifiers-private-protected\06.modifiers.private.protected.csproj", "{F5DDFA11-96BD-4D2E-8F6C-5FD1F75E7B18}"
EndProject
Project("{9A19103F-16F7-4668-BE54-9A1E7A4F7556}") = "07.method.override", "01-language\02-classes\07-override\07.method.override.csproj", "{1F83C8B4-80C6-4287-9545-8CA6AE530CB9}"
EndProject
Project("{9A19103F-16F7-4668-BE54-9A1E7A4F7556}") = "08.method.new.hide", "01-language\02-classes\08-hide\08.method.new.hide.csproj", "{BCD51F38-D211-4A7D-915D-06EBBA6DE333}"
EndProject
Project("{9A19103F-16F7-4668-BE54-9A1E7A4F7556}") = "09.partial.class", "01-language\02-classes\09-partial-class\09.partial.class.csproj", "{E8E0FBAC-2042-458C-9A84-9F5BBD083D21}"
EndProject
Project("{9A19103F-16F7-4668-BE54-9A1E7A4F7556}") = "10.operator.overload", "01-language\02-classes\10-operator-overload\10.operator.overload.csproj", "{3841E9E6-058D-4B3A-8A8E-46E605DA7E86}"
EndProject
Project("{9A19103F-16F7-4668-BE54-9A1E7A4F7556}") = "01.implements", "01-language\03-interfaces\01-implements\01.implements.csproj", "{50CFDBB7-9244-4270-8DB3-10D1A1C44580}"
EndProject
Project("{9A19103F-16F7-4668-BE54-9A1E7A4F7556}") = "02.iplements.explicit", "01-language\03-interfaces\02-implements-explicit\02.iplements.explicit.csproj", "{8F6071E8-12D6-4172-A06E-419764F742B9}"
EndProject
Project("{9A19103F-16F7-4668-BE54-9A1E7A4F7556}") = "01.simple.prpoperty", "01-language\04-properties\01-simple-case\01.simple.prpoperty.csproj", "{2D31225F-E936-4817-85B6-2A84CC7D89C7}"
EndProject
Project("{9A19103F-16F7-4668-BE54-9A1E7A4F7556}") = "02.property.backing.field", "01-language\04-properties\02-backing-field\02.property.backing.field.csproj", "{E10F5F82-180B-4DAC-82DC-963D8A34FA25}"
EndProject
Project("{9A19103F-16F7-4668-BE54-9A1E7A4F7556}") = "03.prpoperty.hiding", "01-language\04-properties\03-property-hide-base-class\03.prpoperty.hiding.csproj", "{755330F9-DCC5-4A5A-9728-A6D6F5E12358}"
EndProject
Project("{9A19103F-16F7-4668-BE54-9A1E7A4F7556}") = "04.property.abstract", "01-language\04-properties\04-property-abstract\04.property.abstract.csproj", "{62B02FBD-748A-4AE5-95AA-B36D95AB2AF8}"
EndProject
Project("{9A19103F-16F7-4668-BE54-9A1E7A4F7556}") = "05.auto-.implemented", "01-language\04-properties\05-auto-implemented\05.auto-.implemented.csproj", "{9891169E-D3A1-492B-A61E-5479A96F7FCF}"
EndProject
Project("{9A19103F-16F7-4668-BE54-9A1E7A4F7556}") = "01.simple.enum", "01-language\05-enums\01-simple-case\01.simple.enum.csproj", "{B5817238-188F-4823-BB2E-60F948FAF324}"
EndProject
Project("{9A19103F-16F7-4668-BE54-9A1E7A4F7556}") = "02.conversion.enum", "01-language\05-enums\02-conversion-enum\02.conversion.enum.csproj", "{98E7BB50-FD3F-4E28-B363-5F912C57611E}"
EndProject
Project("{9A19103F-16F7-4668-BE54-9A1E7A4F7556}") = "00.simple.generic", "01-language\06-generics\00-simple-generics\00.simple.generic.csproj", "{99EDC1B0-48AD-4611-850B-FFF8509339AC}"
EndProject
Project("{9A19103F-16F7-4668-BE54-9A1E7A4F7556}") = "01.generic.list", "01-language\06-generics\01-generic-list\01.generic.list.csproj", "{7A635B94-643F-497A-96E6-ECEA868FC2EE}"
EndProject
Project("{9A19103F-16F7-4668-BE54-9A1E7A4F7556}") = "02.interface.equitable", "01-language\06-generics\02-interface-equatable\02.interface.equitable.csproj", "{C4CFB249-B9C0-4860-9F45-F48B62DDF387}"
EndProject
Project("{9A19103F-16F7-4668-BE54-9A1E7A4F7556}") = "01.simple.indexer", "01-language\07-indexers\01-simple-inedexer\01.simple.indexer.csproj", "{11867933-F01C-4019-934D-87C49D656C2A}"
EndProject
Project("{9A19103F-16F7-4668-BE54-9A1E7A4F7556}") = "02.indexer.overload", "01-language\07-indexers\02-indexer-overload\02.indexer.overload.csproj", "{6CD215A3-F700-4617-A2EE-5033F2D81293}"
EndProject
Project("{9A19103F-16F7-4668-BE54-9A1E7A4F7556}") = "03.generic.indexer", "01-language\07-indexers\03-generic-inedexer\03.generic.indexer.csproj", "{94BAE5B0-3FA1-4F95-B772-182DDBF91E30}"
EndProject
Project("{9A19103F-16F7-4668-BE54-9A1E7A4F7556}") = "01.simple.delegate", "01-language\08-delegates\01-simple-delegate\01.simple.delegate.csproj", "{8229405F-CA00-453D-879C-0ECEC548724B}"
EndProject
Project("{9A19103F-16F7-4668-BE54-9A1E7A4F7556}") = "02.delegates.as.parameters", "01-language\08-delegates\02-delagates-as-parameters\02.delegates.as.parameters.csproj", "{88836CD0-FE62-43FC-83E8-27CDA44149A0}"
EndProject
Project("{9A19103F-16F7-4668-BE54-9A1E7A4F7556}") = "03.multicast.delegates", "01-language\08-delegates\03-multicast-delgates\03.multicast.delegates.csproj", "{52288BC2-E8C9-423E-9534-2F75210CBDE1}"
EndProject
Project("{9A19103F-16F7-4668-BE54-9A1E7A4F7556}") = "04.anonimous.method", "01-language\08-delegates\04-anonimous-method\04.anonimous.method.csproj", "{2077C8C8-D4C4-4556-8F7C-7799C1D33444}"
EndProject
Project("{9A19103F-16F7-4668-BE54-9A1E7A4F7556}") = "05.generic.delegate", "01-language\08-delegates\05-generic-delegate\05.generic.delegate.csproj", "{1980C9E8-0BFB-4044-B856-C1F82DD10E3C}"
EndProject
Project("{9A19103F-16F7-4668-BE54-9A1E7A4F7556}") = "06.func.delegate", "01-language\08-delegates\06-func-delegate\06.func.delegate.csproj", "{D1873153-BD9C-4738-B1B9-123CA155734F}"
EndProject
Project("{9A19103F-16F7-4668-BE54-9A1E7A4F7556}") = "07.action.delegate", "01-language\08-delegates\07-action-delegate\07.action.delegate.csproj", "{2D1B1BD1-9985-406A-BDE7-DDA5D7128CEB}"
EndProject
Project("{9A19103F-16F7-4668-BE54-9A1E7A4F7556}") = "08.predicate.delegate", "01-language\08-delegates\08-predicate-delegate\08.predicate.delegate.csproj", "{158BB0A6-E1E0-442E-A1D9-EAAA1E075670}"
EndProject
Project("{9A19103F-16F7-4668-BE54-9A1E7A4F7556}") = "01.simple.event", "01-language\09-events\01-simple-event\01.simple.event.csproj", "{BA365184-FBAB-46E3-85C5-D94BA76AAF03}"
EndProject
Project("{9A19103F-16F7-4668-BE54-9A1E7A4F7556}") = "02.event.handler", "01-language\09-events\02-event-handler\02.event.handler.csproj", "{B506545D-D657-4B83-BDB4-45381DFB9627}"
EndProject
Project("{9A19103F-16F7-4668-BE54-9A1E7A4F7556}") = "03.pass.event.data", "01-language\09-events\03-pass-event-data\03.pass.event.data.csproj", "{E557CAD4-67E5-495A-9A5D-E56448BB92E6}"
EndProject
Project("{FAE04EC0-301F-11D3-BF4B-00C04F79EFBC}") = "DemoLibrary", "01-language\09-events\99a-events-demo-start\DemoLibrary\DemoLibrary.csproj", "{7751428C-8101-43E7-BF89-4824BBF9BA2F}"
EndProject
Project("{FAE04EC0-301F-11D3-BF4B-00C04F79EFBC}") = "WinFormUI", "01-language\09-events\99a-events-demo-start\WinFormUI\WinFormUI.csproj", "{80D4A596-3D7A-40BE-8543-1A25D56B89FF}"
EndProject
Project("{FAE04EC0-301F-11D3-BF4B-00C04F79EFBC}") = "DemoLibrary", "01-language\09-events\99b-events-demo-end\DemoLibrary\DemoLibrary.csproj", "{9FB922C9-47BF-4101-A149-96087D25EF97}"
EndProject
Project("{FAE04EC0-301F-11D3-BF4B-00C04F79EFBC}") = "WinFormUI", "01-language\09-events\99b-events-demo-end\WinFormUI\WinFormUI.csproj", "{5A5CF527-6EBB-429C-82FC-777BF21D9533}"
EndProject
Project("{9A19103F-16F7-4668-BE54-9A1E7A4F7556}") = "01.simple.structure", "01-language\10-structures\01-simple-structure\01.simple.structure.csproj", "{D9E3881A-73F5-4FA0-B0B2-0AF266569D19}"
EndProject
Project("{9A19103F-16F7-4668-BE54-9A1E7A4F7556}") = "02.structures.methods.properties", "01-language\10-structures\02-structures-methods-properties\02.structures.methods.properties.csproj", "{4ABB5538-B545-40C4-B9F6-210AE625F38B}"
EndProject
Project("{9A19103F-16F7-4668-BE54-9A1E7A4F7556}") = "03.structures.events", "01-language\10-structures\03-structures-events\03.structures.events.csproj", "{1F351FDD-21AA-4D5D-988F-273EF03569FC}"
EndProject
Project("{9A19103F-16F7-4668-BE54-9A1E7A4F7556}") = "01.simple.lambda", "01-language\11-lambdas\01-simple-lambda\01.simple.lambda.csproj", "{D5F7CFA7-4FDA-4C0C-A2BB-DE9790CA4DAB}"
EndProject
Project("{9A19103F-16F7-4668-BE54-9A1E7A4F7556}") = "02.lambda.event", "01-language\11-lambdas\02-lambda-event\02.lambda.event.csproj", "{01872BB1-934E-47D8-BFA4-A11F5F4B4ECA}"
EndProject
Project("{9A19103F-16F7-4668-BE54-9A1E7A4F7556}") = "03.lambda.expression.in.interface", "01-language\11-lambdas\03-expression-body-in-interface\03.lambda.expression.in.interface.csproj", "{E20BEA26-85A9-4845-912E-A6753C933BEA}"
EndProject
Project("{9A19103F-16F7-4668-BE54-9A1E7A4F7556}") = "04.auto.implemented.properties", "01-language\11-lambdas\04-auto-implemented-properties\04.auto.implemented.properties.csproj", "{8546B699-42C8-4E10-BDCA-BD98695E576A}"
EndProject
Project("{9A19103F-16F7-4668-BE54-9A1E7A4F7556}") = "05.initialization.expression", "01-language\11-lambdas\05-initialization-expression\05.initialization.expression.csproj", "{5BFD8DC4-A78A-44B0-9967-77C09B576336}"
EndProject
Project("{9A19103F-16F7-4668-BE54-9A1E7A4F7556}") = "06.lambda.delegate", "01-language\11-lambdas\06-lambda-delegate\06.lambda.delegate.csproj", "{D3625918-482F-4D29-B092-09461B28CE8C}"
EndProject
Project("{9A19103F-16F7-4668-BE54-9A1E7A4F7556}") = "07.lambda.indexer", "01-language\11-lambdas\07-lambda-inedexer\07.lambda.indexer.csproj", "{AFC6C7A6-35BC-483A-B7BD-4114632D16C2}"
EndProject
Project("{9A19103F-16F7-4668-BE54-9A1E7A4F7556}") = "01.simple.tuple", "01-language\12-tuples\01-simple-tuple\01.simple.tuple.csproj", "{38BB33F5-AB32-406A-8AC8-E3BF5272E2D3}"
EndProject
Project("{9A19103F-16F7-4668-BE54-9A1E7A4F7556}") = "02.nested.tuples", "01-language\12-tuples\02-nested-tuples\02.nested.tuples.csproj", "{4C259EAA-5224-4350-8AA6-CCC098327B9A}"
EndProject
Project("{9A19103F-16F7-4668-BE54-9A1E7A4F7556}") = "03.tuple.in.method", "01-language\12-tuples\03-tuple-in-method\03.tuple.in.method.csproj", "{DBE90351-CD06-4BC7-9DBC-B5811789D6EE}"
EndProject
Project("{9A19103F-16F7-4668-BE54-9A1E7A4F7556}") = "04.simple.value.tuple", "01-language\12-tuples\04-simple-value-tuple\04.simple.value.tuple.csproj", "{83543304-4C37-403D-81DE-836815884210}"
EndProject
Project("{9A19103F-16F7-4668-BE54-9A1E7A4F7556}") = "05.value.tuple.in.method", "01-language\12-tuples\05-value-tuple-in-method\05.value.tuple.in.method.csproj", "{6161DDE6-F59F-4B03-B482-5833A8280A8D}"
EndProject
Project("{9A19103F-16F7-4668-BE54-9A1E7A4F7556}") = "06.value.tuple.deconstruction", "01-language\12-tuples\06-value-tuple-deconstruction\06.value.tuple.deconstruction.csproj", "{035B13E2-D114-4341-836F-F62390244CD0}"
EndProject
Project("{9A19103F-16F7-4668-BE54-9A1E7A4F7556}") = "01.breakfast.blocking", "01-language\13-async-prog\01-breakfast-sync\01.breakfast.blocking.csproj", "{4A307079-9961-432B-BA8F-83E326E8A1B7}"
EndProject
Project("{9A19103F-16F7-4668-BE54-9A1E7A4F7556}") = "02.breakfast.non.block.seq", "01-language\13-async-prog\02-brekfast-non-block-seq\02.breakfast.non.block.seq.csproj", "{D4647414-8631-4D87-A920-447D8D9D3A49}"
EndProject
Project("{9A19103F-16F7-4668-BE54-9A1E7A4F7556}") = "03.breakfast.concurent.tasks", "01-language\13-async-prog\03-brekfast-concurent-tasks\03.breakfast.concurent.tasks.csproj", "{A521650F-67E8-40B7-8ADB-AD68B4E4AABA}"
EndProject
Project("{9A19103F-16F7-4668-BE54-9A1E7A4F7556}") = "04.breakfast.tasks.composition", "01-language\13-async-prog\04-breakfast-tasks-composition\04.breakfast.tasks.composition.csproj", "{7E1EF2F4-F274-4325-AE34-5B968BD2BB59}"
EndProject
Project("{9A19103F-16F7-4668-BE54-9A1E7A4F7556}") = "05.breakfast.tasks.whenall", "01-language\13-async-prog\05-breakfast-tasks-whenall\05.breakfast.tasks.whenall.csproj", "{9E1E3E44-55CB-4405-89BC-E5D0DE62D1CD}"
EndProject
Project("{9A19103F-16F7-4668-BE54-9A1E7A4F7556}") = "06.breakfast.tasks.whenany", "01-language\13-async-prog\06-breakfast-tasks-whenany\06.breakfast.tasks.whenany.csproj", "{1AFAAE64-E844-4898-807B-DBF36F218D3D}"
EndProject
Project("{9A19103F-16F7-4668-BE54-9A1E7A4F7556}") = "ParallelAsyncExample", "01-language\13-async-prog\98-microsoft-tutorial\ParallelAsyncExample\ParallelAsyncExample.csproj", "{20BE43DE-4686-472F-A733-36458DA350AA}"
EndProject
Project("{9A19103F-16F7-4668-BE54-9A1E7A4F7556}") = "SerialAsyncExample", "01-language\13-async-prog\98-microsoft-tutorial\SerialAsyncExample\SerialAsyncExample.csproj", "{B134257B-90C4-43AC-8942-2A357C6F7982}"
EndProject
Project("{9A19103F-16F7-4668-BE54-9A1E7A4F7556}") = "SyncExample", "01-language\13-async-prog\98-microsoft-tutorial\SyncExample\SyncExample.csproj", "{023A146E-161D-4D58-818A-9CA5E78E576D}"
EndProject
Project("{FAE04EC0-301F-11D3-BF4B-00C04F79EFBC}") = "99a.async.simple.wpf", "01-language\13-async-prog\99-tim-corey-tutorial\01-async-await\99a.async.simple.wpf.csproj", "{14FE9A43-1A16-4CC4-9EF5-8F0E22EBB8C0}"
EndProject
Project("{FAE04EC0-301F-11D3-BF4B-00C04F79EFBC}") = "99b-async.advanced.wpf", "01-language\13-async-prog\99-tim-corey-tutorial\02-async-await-advanced\99b-async.advanced.wpf.csproj", "{A06EE4C4-8869-4805-9FF9-2655E795E6F1}"
EndProject
Project("{2150E333-8FDC-42A3-9474-1A3956D46DE8}") = "99b-delegates-demo-end", "99b-delegates-demo-end", "{5EA41C3D-E511-4C41-8B62-9499B20142EA}"
EndProject
Project("{2150E333-8FDC-42A3-9474-1A3956D46DE8}") = "99a-delegates-demo-start", "99a-delegates-demo-start", "{2176611F-6747-4A9A-8F46-8FC0C7D52A3B}"
EndProject
Project("{FAE04EC0-301F-11D3-BF4B-00C04F79EFBC}") = "ConsoleUI", "01-language\08-delegates\99a-delegates-demo-start\ConsoleUI\ConsoleUI.csproj", "{E99F86D7-A6F2-46A4-870C-1DDC12F32864}"
EndProject
Project("{FAE04EC0-301F-11D3-BF4B-00C04F79EFBC}") = "DemoLibrary", "01-language\08-delegates\99a-delegates-demo-start\DemoLibrary\DemoLibrary.csproj", "{F9EDC9C4-32E4-4534-81F9-B183831E13B7}"
EndProject
Project("{FAE04EC0-301F-11D3-BF4B-00C04F79EFBC}") = "WinFormUI", "01-language\08-delegates\99a-delegates-demo-start\WinFormUI\WinFormUI.csproj", "{4CA4F857-EE02-48B8-B04D-2FEB0E4B93AE}"
EndProject
Project("{FAE04EC0-301F-11D3-BF4B-00C04F79EFBC}") = "ConsoleUI", "01-language\08-delegates\99b-delegates-demo-end\ConsoleUI\ConsoleUI.csproj", "{E5CBDDA2-1F54-44DB-BCFF-3C74C33FA96A}"
EndProject
Project("{FAE04EC0-301F-11D3-BF4B-00C04F79EFBC}") = "DemoLibrary", "01-language\08-delegates\99b-delegates-demo-end\DemoLibrary\DemoLibrary.csproj", "{CFF0DF34-8A91-4132-A5C6-FB7340287AF9}"
EndProject
Project("{FAE04EC0-301F-11D3-BF4B-00C04F79EFBC}") = "WinFormUI", "01-language\08-delegates\99b-delegates-demo-end\WinFormUI\WinFormUI.csproj", "{61EF5826-5B29-4AD1-8780-0C20487681BE}"
EndProject
Project("{9A19103F-16F7-4668-BE54-9A1E7A4F7556}") = "01.inheritance.constructor", "01-language\02-classes\00-inheritance-constructor\01.inheritance.constructor.csproj", "{E719C1B1-24E4-4CF3-9512-646C35246E60}"
EndProject
Project("{9A19103F-16F7-4668-BE54-9A1E7A4F7556}") = "03.ref.params", "01-language\01-functions\03-ref-params\03.ref.params.csproj", "{380F0DB4-E6F4-4A7F-98A4-B770EEAD526D}"
EndProject
Project("{9A19103F-16F7-4668-BE54-9A1E7A4F7556}") = "04.ref.params.class", "01-language\01-functions\04-ref-params-class\04.ref.params.class.csproj", "{FB8C86A2-4796-4601-A75D-BF4B5E8BE62A}"
EndProject
Project("{9A19103F-16F7-4668-BE54-9A1E7A4F7556}") = "05.out.params", "01-language\01-functions\05-out-params\05.out.params.csproj", "{F8F6298A-E05A-4B68-A1F9-FEC0B25FB165}"
EndProject
Project("{9A19103F-16F7-4668-BE54-9A1E7A4F7556}") = "06.in.params", "01-language\01-functions\06-in-params\06.in.params.csproj", "{A02D7606-2314-4EA4-A0FA-F6B21529C656}"
EndProject
Project("{9A19103F-16F7-4668-BE54-9A1E7A4F7556}") = "07.extension.methods", "01-language\01-functions\07-extension-methods\07.extension.methods.csproj", "{3016B11A-2C5C-4131-AB8C-60DC5737B942}"
EndProject
Project("{9A19103F-16F7-4668-BE54-9A1E7A4F7556}") = "01.nullable.simples", "01-language\14-nullable\01-simple-nullable\01.nullable.simples.csproj", "{80D7FB74-3E89-4C42-AAF1-74D7898084BA}"
EndProject
Project("{9A19103F-16F7-4668-BE54-9A1E7A4F7556}") = "01.records.simple", "01-language\15-records\01-simple-records\01.records.simple.csproj", "{AAC45009-87AC-4DFA-8B8C-1FC402371143}"
EndProject
Project("{9A19103F-16F7-4668-BE54-9A1E7A4F7556}") = "02.records.positional", "01-language\15-records\02-positional-records\02.records.positional.csproj", "{0F3745FC-54C2-4206-A30D-18AAEA0FA69B}"
EndProject
Project("{9A19103F-16F7-4668-BE54-9A1E7A4F7556}") = "03.records.positional.short", "01-language\15-records\03-positional-records-short\03.records.positional.short.csproj", "{13EF5746-40EA-47B8-BA8A-AD8AA28A0EAA}"
EndProject
Project("{9A19103F-16F7-4668-BE54-9A1E7A4F7556}") = "04.records.inheritance", "01-language\15-records\04-records-inheritance\04.records.inheritance.csproj", "{842C6A3B-1D34-45D2-81AB-FF50DE2DC3A6}"
EndProject
Project("{9A19103F-16F7-4668-BE54-9A1E7A4F7556}") = "01.simple.linq", "01-language\17-linq\01-simple-linq\01.simple.linq.csproj", "{3E61A059-6FBD-40F5-9F3A-811667132303}"
EndProject
Project("{9A19103F-16F7-4668-BE54-9A1E7A4F7556}") = "02.linq.samples", "01-language\17-linq\02-linq-samples\02.linq.samples.csproj", "{41746DAD-0734-4F8F-91D9-247280C4BFAF}"
EndProject
Project("{2150E333-8FDC-42A3-9474-1A3956D46DE8}") = "16-attributes", "16-attributes", "{620EC9FE-9663-4A9D-94E1-4C03494839B3}"
EndProject
Project("{9A19103F-16F7-4668-BE54-9A1E7A4F7556}") = "01.usage.of.attributes", "01-language\16-attributes\01-simple-attributes\01.usage.of.attributes.csproj", "{7CF20FD7-446D-4DE5-8380-EA29D338D966}"
EndProject
Project("{9A19103F-16F7-4668-BE54-9A1E7A4F7556}") = "02.custom.attribute", "01-language\16-attributes\02-custom-attribute\02.custom.attribute.csproj", "{5E11A380-473A-4291-B2F6-628B479C339D}"
EndProject
Project("{FAE04EC0-301F-11D3-BF4B-00C04F79EFBC}") = "04.sun.cat.owl", "04.sun.cat.owl\04.sun.cat.owl.csproj", "{005D4723-468C-4BCD-995E-3C63174F5623}"
EndProject
Global
	GlobalSection(SolutionConfigurationPlatforms) = preSolution
		Debug|Any CPU = Debug|Any CPU
		Release|Any CPU = Release|Any CPU
	EndGlobalSection
	GlobalSection(ProjectConfigurationPlatforms) = postSolution
		{C59F9DD5-80F2-4284-AA98-920ED191BB37}.Debug|Any CPU.ActiveCfg = Debug|Any CPU
		{C59F9DD5-80F2-4284-AA98-920ED191BB37}.Debug|Any CPU.Build.0 = Debug|Any CPU
		{C59F9DD5-80F2-4284-AA98-920ED191BB37}.Release|Any CPU.ActiveCfg = Release|Any CPU
		{C59F9DD5-80F2-4284-AA98-920ED191BB37}.Release|Any CPU.Build.0 = Release|Any CPU
		{BAE778ED-15FA-4252-800A-8191516EA979}.Debug|Any CPU.ActiveCfg = Debug|Any CPU
		{BAE778ED-15FA-4252-800A-8191516EA979}.Debug|Any CPU.Build.0 = Debug|Any CPU
		{BAE778ED-15FA-4252-800A-8191516EA979}.Release|Any CPU.ActiveCfg = Release|Any CPU
		{BAE778ED-15FA-4252-800A-8191516EA979}.Release|Any CPU.Build.0 = Release|Any CPU
		{8F582078-DB70-4A2A-8B41-BE7C8D95EAE7}.Debug|Any CPU.ActiveCfg = Debug|Any CPU
		{8F582078-DB70-4A2A-8B41-BE7C8D95EAE7}.Debug|Any CPU.Build.0 = Debug|Any CPU
		{8F582078-DB70-4A2A-8B41-BE7C8D95EAE7}.Release|Any CPU.ActiveCfg = Release|Any CPU
		{8F582078-DB70-4A2A-8B41-BE7C8D95EAE7}.Release|Any CPU.Build.0 = Release|Any CPU
		{6072427A-527D-4724-B7BB-D27C54444D3A}.Debug|Any CPU.ActiveCfg = Debug|Any CPU
		{6072427A-527D-4724-B7BB-D27C54444D3A}.Debug|Any CPU.Build.0 = Debug|Any CPU
		{6072427A-527D-4724-B7BB-D27C54444D3A}.Release|Any CPU.ActiveCfg = Release|Any CPU
		{6072427A-527D-4724-B7BB-D27C54444D3A}.Release|Any CPU.Build.0 = Release|Any CPU
		{A0B9F25B-17CB-4970-97E9-7D111B555F57}.Debug|Any CPU.ActiveCfg = Debug|Any CPU
		{A0B9F25B-17CB-4970-97E9-7D111B555F57}.Debug|Any CPU.Build.0 = Debug|Any CPU
		{A0B9F25B-17CB-4970-97E9-7D111B555F57}.Release|Any CPU.ActiveCfg = Release|Any CPU
		{A0B9F25B-17CB-4970-97E9-7D111B555F57}.Release|Any CPU.Build.0 = Release|Any CPU
		{292D83CF-AF4B-426B-AB3F-0A105698BD08}.Debug|Any CPU.ActiveCfg = Debug|Any CPU
		{292D83CF-AF4B-426B-AB3F-0A105698BD08}.Debug|Any CPU.Build.0 = Debug|Any CPU
		{292D83CF-AF4B-426B-AB3F-0A105698BD08}.Release|Any CPU.ActiveCfg = Release|Any CPU
		{292D83CF-AF4B-426B-AB3F-0A105698BD08}.Release|Any CPU.Build.0 = Release|Any CPU
		{3DCE5E3C-6A0E-4979-A601-83DD600798CD}.Debug|Any CPU.ActiveCfg = Debug|Any CPU
		{3DCE5E3C-6A0E-4979-A601-83DD600798CD}.Debug|Any CPU.Build.0 = Debug|Any CPU
		{3DCE5E3C-6A0E-4979-A601-83DD600798CD}.Release|Any CPU.ActiveCfg = Release|Any CPU
		{3DCE5E3C-6A0E-4979-A601-83DD600798CD}.Release|Any CPU.Build.0 = Release|Any CPU
		{F5DDFA11-96BD-4D2E-8F6C-5FD1F75E7B18}.Debug|Any CPU.ActiveCfg = Debug|Any CPU
		{F5DDFA11-96BD-4D2E-8F6C-5FD1F75E7B18}.Debug|Any CPU.Build.0 = Debug|Any CPU
		{F5DDFA11-96BD-4D2E-8F6C-5FD1F75E7B18}.Release|Any CPU.ActiveCfg = Release|Any CPU
		{F5DDFA11-96BD-4D2E-8F6C-5FD1F75E7B18}.Release|Any CPU.Build.0 = Release|Any CPU
		{1F83C8B4-80C6-4287-9545-8CA6AE530CB9}.Debug|Any CPU.ActiveCfg = Debug|Any CPU
		{1F83C8B4-80C6-4287-9545-8CA6AE530CB9}.Debug|Any CPU.Build.0 = Debug|Any CPU
		{1F83C8B4-80C6-4287-9545-8CA6AE530CB9}.Release|Any CPU.ActiveCfg = Release|Any CPU
		{1F83C8B4-80C6-4287-9545-8CA6AE530CB9}.Release|Any CPU.Build.0 = Release|Any CPU
		{BCD51F38-D211-4A7D-915D-06EBBA6DE333}.Debug|Any CPU.ActiveCfg = Debug|Any CPU
		{BCD51F38-D211-4A7D-915D-06EBBA6DE333}.Debug|Any CPU.Build.0 = Debug|Any CPU
		{BCD51F38-D211-4A7D-915D-06EBBA6DE333}.Release|Any CPU.ActiveCfg = Release|Any CPU
		{BCD51F38-D211-4A7D-915D-06EBBA6DE333}.Release|Any CPU.Build.0 = Release|Any CPU
		{E8E0FBAC-2042-458C-9A84-9F5BBD083D21}.Debug|Any CPU.ActiveCfg = Debug|Any CPU
		{E8E0FBAC-2042-458C-9A84-9F5BBD083D21}.Debug|Any CPU.Build.0 = Debug|Any CPU
		{E8E0FBAC-2042-458C-9A84-9F5BBD083D21}.Release|Any CPU.ActiveCfg = Release|Any CPU
		{E8E0FBAC-2042-458C-9A84-9F5BBD083D21}.Release|Any CPU.Build.0 = Release|Any CPU
		{3841E9E6-058D-4B3A-8A8E-46E605DA7E86}.Debug|Any CPU.ActiveCfg = Debug|Any CPU
		{3841E9E6-058D-4B3A-8A8E-46E605DA7E86}.Debug|Any CPU.Build.0 = Debug|Any CPU
		{3841E9E6-058D-4B3A-8A8E-46E605DA7E86}.Release|Any CPU.ActiveCfg = Release|Any CPU
		{3841E9E6-058D-4B3A-8A8E-46E605DA7E86}.Release|Any CPU.Build.0 = Release|Any CPU
		{50CFDBB7-9244-4270-8DB3-10D1A1C44580}.Debug|Any CPU.ActiveCfg = Debug|Any CPU
		{50CFDBB7-9244-4270-8DB3-10D1A1C44580}.Debug|Any CPU.Build.0 = Debug|Any CPU
		{50CFDBB7-9244-4270-8DB3-10D1A1C44580}.Release|Any CPU.ActiveCfg = Release|Any CPU
		{50CFDBB7-9244-4270-8DB3-10D1A1C44580}.Release|Any CPU.Build.0 = Release|Any CPU
		{8F6071E8-12D6-4172-A06E-419764F742B9}.Debug|Any CPU.ActiveCfg = Debug|Any CPU
		{8F6071E8-12D6-4172-A06E-419764F742B9}.Debug|Any CPU.Build.0 = Debug|Any CPU
		{8F6071E8-12D6-4172-A06E-419764F742B9}.Release|Any CPU.ActiveCfg = Release|Any CPU
		{8F6071E8-12D6-4172-A06E-419764F742B9}.Release|Any CPU.Build.0 = Release|Any CPU
		{2D31225F-E936-4817-85B6-2A84CC7D89C7}.Debug|Any CPU.ActiveCfg = Debug|Any CPU
		{2D31225F-E936-4817-85B6-2A84CC7D89C7}.Debug|Any CPU.Build.0 = Debug|Any CPU
		{2D31225F-E936-4817-85B6-2A84CC7D89C7}.Release|Any CPU.ActiveCfg = Release|Any CPU
		{2D31225F-E936-4817-85B6-2A84CC7D89C7}.Release|Any CPU.Build.0 = Release|Any CPU
		{E10F5F82-180B-4DAC-82DC-963D8A34FA25}.Debug|Any CPU.ActiveCfg = Debug|Any CPU
		{E10F5F82-180B-4DAC-82DC-963D8A34FA25}.Debug|Any CPU.Build.0 = Debug|Any CPU
		{E10F5F82-180B-4DAC-82DC-963D8A34FA25}.Release|Any CPU.ActiveCfg = Release|Any CPU
		{E10F5F82-180B-4DAC-82DC-963D8A34FA25}.Release|Any CPU.Build.0 = Release|Any CPU
		{755330F9-DCC5-4A5A-9728-A6D6F5E12358}.Debug|Any CPU.ActiveCfg = Debug|Any CPU
		{755330F9-DCC5-4A5A-9728-A6D6F5E12358}.Debug|Any CPU.Build.0 = Debug|Any CPU
		{755330F9-DCC5-4A5A-9728-A6D6F5E12358}.Release|Any CPU.ActiveCfg = Release|Any CPU
		{755330F9-DCC5-4A5A-9728-A6D6F5E12358}.Release|Any CPU.Build.0 = Release|Any CPU
		{62B02FBD-748A-4AE5-95AA-B36D95AB2AF8}.Debug|Any CPU.ActiveCfg = Debug|Any CPU
		{62B02FBD-748A-4AE5-95AA-B36D95AB2AF8}.Debug|Any CPU.Build.0 = Debug|Any CPU
		{62B02FBD-748A-4AE5-95AA-B36D95AB2AF8}.Release|Any CPU.ActiveCfg = Release|Any CPU
		{62B02FBD-748A-4AE5-95AA-B36D95AB2AF8}.Release|Any CPU.Build.0 = Release|Any CPU
		{9891169E-D3A1-492B-A61E-5479A96F7FCF}.Debug|Any CPU.ActiveCfg = Debug|Any CPU
		{9891169E-D3A1-492B-A61E-5479A96F7FCF}.Debug|Any CPU.Build.0 = Debug|Any CPU
		{9891169E-D3A1-492B-A61E-5479A96F7FCF}.Release|Any CPU.ActiveCfg = Release|Any CPU
		{9891169E-D3A1-492B-A61E-5479A96F7FCF}.Release|Any CPU.Build.0 = Release|Any CPU
		{B5817238-188F-4823-BB2E-60F948FAF324}.Debug|Any CPU.ActiveCfg = Debug|Any CPU
		{B5817238-188F-4823-BB2E-60F948FAF324}.Debug|Any CPU.Build.0 = Debug|Any CPU
		{B5817238-188F-4823-BB2E-60F948FAF324}.Release|Any CPU.ActiveCfg = Release|Any CPU
		{B5817238-188F-4823-BB2E-60F948FAF324}.Release|Any CPU.Build.0 = Release|Any CPU
		{98E7BB50-FD3F-4E28-B363-5F912C57611E}.Debug|Any CPU.ActiveCfg = Debug|Any CPU
		{98E7BB50-FD3F-4E28-B363-5F912C57611E}.Debug|Any CPU.Build.0 = Debug|Any CPU
		{98E7BB50-FD3F-4E28-B363-5F912C57611E}.Release|Any CPU.ActiveCfg = Release|Any CPU
		{98E7BB50-FD3F-4E28-B363-5F912C57611E}.Release|Any CPU.Build.0 = Release|Any CPU
		{99EDC1B0-48AD-4611-850B-FFF8509339AC}.Debug|Any CPU.ActiveCfg = Debug|Any CPU
		{99EDC1B0-48AD-4611-850B-FFF8509339AC}.Debug|Any CPU.Build.0 = Debug|Any CPU
		{99EDC1B0-48AD-4611-850B-FFF8509339AC}.Release|Any CPU.ActiveCfg = Release|Any CPU
		{99EDC1B0-48AD-4611-850B-FFF8509339AC}.Release|Any CPU.Build.0 = Release|Any CPU
		{7A635B94-643F-497A-96E6-ECEA868FC2EE}.Debug|Any CPU.ActiveCfg = Debug|Any CPU
		{7A635B94-643F-497A-96E6-ECEA868FC2EE}.Debug|Any CPU.Build.0 = Debug|Any CPU
		{7A635B94-643F-497A-96E6-ECEA868FC2EE}.Release|Any CPU.ActiveCfg = Release|Any CPU
		{7A635B94-643F-497A-96E6-ECEA868FC2EE}.Release|Any CPU.Build.0 = Release|Any CPU
		{C4CFB249-B9C0-4860-9F45-F48B62DDF387}.Debug|Any CPU.ActiveCfg = Debug|Any CPU
		{C4CFB249-B9C0-4860-9F45-F48B62DDF387}.Debug|Any CPU.Build.0 = Debug|Any CPU
		{C4CFB249-B9C0-4860-9F45-F48B62DDF387}.Release|Any CPU.ActiveCfg = Release|Any CPU
		{C4CFB249-B9C0-4860-9F45-F48B62DDF387}.Release|Any CPU.Build.0 = Release|Any CPU
		{11867933-F01C-4019-934D-87C49D656C2A}.Debug|Any CPU.ActiveCfg = Debug|Any CPU
		{11867933-F01C-4019-934D-87C49D656C2A}.Debug|Any CPU.Build.0 = Debug|Any CPU
		{11867933-F01C-4019-934D-87C49D656C2A}.Release|Any CPU.ActiveCfg = Release|Any CPU
		{11867933-F01C-4019-934D-87C49D656C2A}.Release|Any CPU.Build.0 = Release|Any CPU
		{6CD215A3-F700-4617-A2EE-5033F2D81293}.Debug|Any CPU.ActiveCfg = Debug|Any CPU
		{6CD215A3-F700-4617-A2EE-5033F2D81293}.Debug|Any CPU.Build.0 = Debug|Any CPU
		{6CD215A3-F700-4617-A2EE-5033F2D81293}.Release|Any CPU.ActiveCfg = Release|Any CPU
		{6CD215A3-F700-4617-A2EE-5033F2D81293}.Release|Any CPU.Build.0 = Release|Any CPU
		{94BAE5B0-3FA1-4F95-B772-182DDBF91E30}.Debug|Any CPU.ActiveCfg = Debug|Any CPU
		{94BAE5B0-3FA1-4F95-B772-182DDBF91E30}.Debug|Any CPU.Build.0 = Debug|Any CPU
		{94BAE5B0-3FA1-4F95-B772-182DDBF91E30}.Release|Any CPU.ActiveCfg = Release|Any CPU
		{94BAE5B0-3FA1-4F95-B772-182DDBF91E30}.Release|Any CPU.Build.0 = Release|Any CPU
		{8229405F-CA00-453D-879C-0ECEC548724B}.Debug|Any CPU.ActiveCfg = Debug|Any CPU
		{8229405F-CA00-453D-879C-0ECEC548724B}.Debug|Any CPU.Build.0 = Debug|Any CPU
		{8229405F-CA00-453D-879C-0ECEC548724B}.Release|Any CPU.ActiveCfg = Release|Any CPU
		{8229405F-CA00-453D-879C-0ECEC548724B}.Release|Any CPU.Build.0 = Release|Any CPU
		{88836CD0-FE62-43FC-83E8-27CDA44149A0}.Debug|Any CPU.ActiveCfg = Debug|Any CPU
		{88836CD0-FE62-43FC-83E8-27CDA44149A0}.Debug|Any CPU.Build.0 = Debug|Any CPU
		{88836CD0-FE62-43FC-83E8-27CDA44149A0}.Release|Any CPU.ActiveCfg = Release|Any CPU
		{88836CD0-FE62-43FC-83E8-27CDA44149A0}.Release|Any CPU.Build.0 = Release|Any CPU
		{52288BC2-E8C9-423E-9534-2F75210CBDE1}.Debug|Any CPU.ActiveCfg = Debug|Any CPU
		{52288BC2-E8C9-423E-9534-2F75210CBDE1}.Debug|Any CPU.Build.0 = Debug|Any CPU
		{52288BC2-E8C9-423E-9534-2F75210CBDE1}.Release|Any CPU.ActiveCfg = Release|Any CPU
		{52288BC2-E8C9-423E-9534-2F75210CBDE1}.Release|Any CPU.Build.0 = Release|Any CPU
		{2077C8C8-D4C4-4556-8F7C-7799C1D33444}.Debug|Any CPU.ActiveCfg = Debug|Any CPU
		{2077C8C8-D4C4-4556-8F7C-7799C1D33444}.Debug|Any CPU.Build.0 = Debug|Any CPU
		{2077C8C8-D4C4-4556-8F7C-7799C1D33444}.Release|Any CPU.ActiveCfg = Release|Any CPU
		{2077C8C8-D4C4-4556-8F7C-7799C1D33444}.Release|Any CPU.Build.0 = Release|Any CPU
		{1980C9E8-0BFB-4044-B856-C1F82DD10E3C}.Debug|Any CPU.ActiveCfg = Debug|Any CPU
		{1980C9E8-0BFB-4044-B856-C1F82DD10E3C}.Debug|Any CPU.Build.0 = Debug|Any CPU
		{1980C9E8-0BFB-4044-B856-C1F82DD10E3C}.Release|Any CPU.ActiveCfg = Release|Any CPU
		{1980C9E8-0BFB-4044-B856-C1F82DD10E3C}.Release|Any CPU.Build.0 = Release|Any CPU
		{D1873153-BD9C-4738-B1B9-123CA155734F}.Debug|Any CPU.ActiveCfg = Debug|Any CPU
		{D1873153-BD9C-4738-B1B9-123CA155734F}.Debug|Any CPU.Build.0 = Debug|Any CPU
		{D1873153-BD9C-4738-B1B9-123CA155734F}.Release|Any CPU.ActiveCfg = Release|Any CPU
		{D1873153-BD9C-4738-B1B9-123CA155734F}.Release|Any CPU.Build.0 = Release|Any CPU
		{2D1B1BD1-9985-406A-BDE7-DDA5D7128CEB}.Debug|Any CPU.ActiveCfg = Debug|Any CPU
		{2D1B1BD1-9985-406A-BDE7-DDA5D7128CEB}.Debug|Any CPU.Build.0 = Debug|Any CPU
		{2D1B1BD1-9985-406A-BDE7-DDA5D7128CEB}.Release|Any CPU.ActiveCfg = Release|Any CPU
		{2D1B1BD1-9985-406A-BDE7-DDA5D7128CEB}.Release|Any CPU.Build.0 = Release|Any CPU
		{158BB0A6-E1E0-442E-A1D9-EAAA1E075670}.Debug|Any CPU.ActiveCfg = Debug|Any CPU
		{158BB0A6-E1E0-442E-A1D9-EAAA1E075670}.Debug|Any CPU.Build.0 = Debug|Any CPU
		{158BB0A6-E1E0-442E-A1D9-EAAA1E075670}.Release|Any CPU.ActiveCfg = Release|Any CPU
		{158BB0A6-E1E0-442E-A1D9-EAAA1E075670}.Release|Any CPU.Build.0 = Release|Any CPU
		{BA365184-FBAB-46E3-85C5-D94BA76AAF03}.Debug|Any CPU.ActiveCfg = Debug|Any CPU
		{BA365184-FBAB-46E3-85C5-D94BA76AAF03}.Debug|Any CPU.Build.0 = Debug|Any CPU
		{BA365184-FBAB-46E3-85C5-D94BA76AAF03}.Release|Any CPU.ActiveCfg = Release|Any CPU
		{BA365184-FBAB-46E3-85C5-D94BA76AAF03}.Release|Any CPU.Build.0 = Release|Any CPU
		{B506545D-D657-4B83-BDB4-45381DFB9627}.Debug|Any CPU.ActiveCfg = Debug|Any CPU
		{B506545D-D657-4B83-BDB4-45381DFB9627}.Debug|Any CPU.Build.0 = Debug|Any CPU
		{B506545D-D657-4B83-BDB4-45381DFB9627}.Release|Any CPU.ActiveCfg = Release|Any CPU
		{B506545D-D657-4B83-BDB4-45381DFB9627}.Release|Any CPU.Build.0 = Release|Any CPU
		{E557CAD4-67E5-495A-9A5D-E56448BB92E6}.Debug|Any CPU.ActiveCfg = Debug|Any CPU
		{E557CAD4-67E5-495A-9A5D-E56448BB92E6}.Debug|Any CPU.Build.0 = Debug|Any CPU
		{E557CAD4-67E5-495A-9A5D-E56448BB92E6}.Release|Any CPU.ActiveCfg = Release|Any CPU
		{E557CAD4-67E5-495A-9A5D-E56448BB92E6}.Release|Any CPU.Build.0 = Release|Any CPU
		{7751428C-8101-43E7-BF89-4824BBF9BA2F}.Debug|Any CPU.ActiveCfg = Debug|Any CPU
		{7751428C-8101-43E7-BF89-4824BBF9BA2F}.Debug|Any CPU.Build.0 = Debug|Any CPU
		{7751428C-8101-43E7-BF89-4824BBF9BA2F}.Release|Any CPU.ActiveCfg = Release|Any CPU
		{7751428C-8101-43E7-BF89-4824BBF9BA2F}.Release|Any CPU.Build.0 = Release|Any CPU
		{80D4A596-3D7A-40BE-8543-1A25D56B89FF}.Debug|Any CPU.ActiveCfg = Debug|Any CPU
		{80D4A596-3D7A-40BE-8543-1A25D56B89FF}.Debug|Any CPU.Build.0 = Debug|Any CPU
		{80D4A596-3D7A-40BE-8543-1A25D56B89FF}.Release|Any CPU.ActiveCfg = Release|Any CPU
		{80D4A596-3D7A-40BE-8543-1A25D56B89FF}.Release|Any CPU.Build.0 = Release|Any CPU
		{9FB922C9-47BF-4101-A149-96087D25EF97}.Debug|Any CPU.ActiveCfg = Debug|Any CPU
		{9FB922C9-47BF-4101-A149-96087D25EF97}.Debug|Any CPU.Build.0 = Debug|Any CPU
		{9FB922C9-47BF-4101-A149-96087D25EF97}.Release|Any CPU.ActiveCfg = Release|Any CPU
		{9FB922C9-47BF-4101-A149-96087D25EF97}.Release|Any CPU.Build.0 = Release|Any CPU
		{5A5CF527-6EBB-429C-82FC-777BF21D9533}.Debug|Any CPU.ActiveCfg = Debug|Any CPU
		{5A5CF527-6EBB-429C-82FC-777BF21D9533}.Debug|Any CPU.Build.0 = Debug|Any CPU
		{5A5CF527-6EBB-429C-82FC-777BF21D9533}.Release|Any CPU.ActiveCfg = Release|Any CPU
		{5A5CF527-6EBB-429C-82FC-777BF21D9533}.Release|Any CPU.Build.0 = Release|Any CPU
		{D9E3881A-73F5-4FA0-B0B2-0AF266569D19}.Debug|Any CPU.ActiveCfg = Debug|Any CPU
		{D9E3881A-73F5-4FA0-B0B2-0AF266569D19}.Debug|Any CPU.Build.0 = Debug|Any CPU
		{D9E3881A-73F5-4FA0-B0B2-0AF266569D19}.Release|Any CPU.ActiveCfg = Release|Any CPU
		{D9E3881A-73F5-4FA0-B0B2-0AF266569D19}.Release|Any CPU.Build.0 = Release|Any CPU
		{4ABB5538-B545-40C4-B9F6-210AE625F38B}.Debug|Any CPU.ActiveCfg = Debug|Any CPU
		{4ABB5538-B545-40C4-B9F6-210AE625F38B}.Debug|Any CPU.Build.0 = Debug|Any CPU
		{4ABB5538-B545-40C4-B9F6-210AE625F38B}.Release|Any CPU.ActiveCfg = Release|Any CPU
		{4ABB5538-B545-40C4-B9F6-210AE625F38B}.Release|Any CPU.Build.0 = Release|Any CPU
		{1F351FDD-21AA-4D5D-988F-273EF03569FC}.Debug|Any CPU.ActiveCfg = Debug|Any CPU
		{1F351FDD-21AA-4D5D-988F-273EF03569FC}.Debug|Any CPU.Build.0 = Debug|Any CPU
		{1F351FDD-21AA-4D5D-988F-273EF03569FC}.Release|Any CPU.ActiveCfg = Release|Any CPU
		{1F351FDD-21AA-4D5D-988F-273EF03569FC}.Release|Any CPU.Build.0 = Release|Any CPU
		{D5F7CFA7-4FDA-4C0C-A2BB-DE9790CA4DAB}.Debug|Any CPU.ActiveCfg = Debug|Any CPU
		{D5F7CFA7-4FDA-4C0C-A2BB-DE9790CA4DAB}.Debug|Any CPU.Build.0 = Debug|Any CPU
		{D5F7CFA7-4FDA-4C0C-A2BB-DE9790CA4DAB}.Release|Any CPU.ActiveCfg = Release|Any CPU
		{D5F7CFA7-4FDA-4C0C-A2BB-DE9790CA4DAB}.Release|Any CPU.Build.0 = Release|Any CPU
		{01872BB1-934E-47D8-BFA4-A11F5F4B4ECA}.Debug|Any CPU.ActiveCfg = Debug|Any CPU
		{01872BB1-934E-47D8-BFA4-A11F5F4B4ECA}.Debug|Any CPU.Build.0 = Debug|Any CPU
		{01872BB1-934E-47D8-BFA4-A11F5F4B4ECA}.Release|Any CPU.ActiveCfg = Release|Any CPU
		{01872BB1-934E-47D8-BFA4-A11F5F4B4ECA}.Release|Any CPU.Build.0 = Release|Any CPU
		{E20BEA26-85A9-4845-912E-A6753C933BEA}.Debug|Any CPU.ActiveCfg = Debug|Any CPU
		{E20BEA26-85A9-4845-912E-A6753C933BEA}.Debug|Any CPU.Build.0 = Debug|Any CPU
		{E20BEA26-85A9-4845-912E-A6753C933BEA}.Release|Any CPU.ActiveCfg = Release|Any CPU
		{E20BEA26-85A9-4845-912E-A6753C933BEA}.Release|Any CPU.Build.0 = Release|Any CPU
		{8546B699-42C8-4E10-BDCA-BD98695E576A}.Debug|Any CPU.ActiveCfg = Debug|Any CPU
		{8546B699-42C8-4E10-BDCA-BD98695E576A}.Debug|Any CPU.Build.0 = Debug|Any CPU
		{8546B699-42C8-4E10-BDCA-BD98695E576A}.Release|Any CPU.ActiveCfg = Release|Any CPU
		{8546B699-42C8-4E10-BDCA-BD98695E576A}.Release|Any CPU.Build.0 = Release|Any CPU
		{5BFD8DC4-A78A-44B0-9967-77C09B576336}.Debug|Any CPU.ActiveCfg = Debug|Any CPU
		{5BFD8DC4-A78A-44B0-9967-77C09B576336}.Debug|Any CPU.Build.0 = Debug|Any CPU
		{5BFD8DC4-A78A-44B0-9967-77C09B576336}.Release|Any CPU.ActiveCfg = Release|Any CPU
		{5BFD8DC4-A78A-44B0-9967-77C09B576336}.Release|Any CPU.Build.0 = Release|Any CPU
		{D3625918-482F-4D29-B092-09461B28CE8C}.Debug|Any CPU.ActiveCfg = Debug|Any CPU
		{D3625918-482F-4D29-B092-09461B28CE8C}.Debug|Any CPU.Build.0 = Debug|Any CPU
		{D3625918-482F-4D29-B092-09461B28CE8C}.Release|Any CPU.ActiveCfg = Release|Any CPU
		{D3625918-482F-4D29-B092-09461B28CE8C}.Release|Any CPU.Build.0 = Release|Any CPU
		{AFC6C7A6-35BC-483A-B7BD-4114632D16C2}.Debug|Any CPU.ActiveCfg = Debug|Any CPU
		{AFC6C7A6-35BC-483A-B7BD-4114632D16C2}.Debug|Any CPU.Build.0 = Debug|Any CPU
		{AFC6C7A6-35BC-483A-B7BD-4114632D16C2}.Release|Any CPU.ActiveCfg = Release|Any CPU
		{AFC6C7A6-35BC-483A-B7BD-4114632D16C2}.Release|Any CPU.Build.0 = Release|Any CPU
		{38BB33F5-AB32-406A-8AC8-E3BF5272E2D3}.Debug|Any CPU.ActiveCfg = Debug|Any CPU
		{38BB33F5-AB32-406A-8AC8-E3BF5272E2D3}.Debug|Any CPU.Build.0 = Debug|Any CPU
		{38BB33F5-AB32-406A-8AC8-E3BF5272E2D3}.Release|Any CPU.ActiveCfg = Release|Any CPU
		{38BB33F5-AB32-406A-8AC8-E3BF5272E2D3}.Release|Any CPU.Build.0 = Release|Any CPU
		{4C259EAA-5224-4350-8AA6-CCC098327B9A}.Debug|Any CPU.ActiveCfg = Debug|Any CPU
		{4C259EAA-5224-4350-8AA6-CCC098327B9A}.Debug|Any CPU.Build.0 = Debug|Any CPU
		{4C259EAA-5224-4350-8AA6-CCC098327B9A}.Release|Any CPU.ActiveCfg = Release|Any CPU
		{4C259EAA-5224-4350-8AA6-CCC098327B9A}.Release|Any CPU.Build.0 = Release|Any CPU
		{DBE90351-CD06-4BC7-9DBC-B5811789D6EE}.Debug|Any CPU.ActiveCfg = Debug|Any CPU
		{DBE90351-CD06-4BC7-9DBC-B5811789D6EE}.Debug|Any CPU.Build.0 = Debug|Any CPU
		{DBE90351-CD06-4BC7-9DBC-B5811789D6EE}.Release|Any CPU.ActiveCfg = Release|Any CPU
		{DBE90351-CD06-4BC7-9DBC-B5811789D6EE}.Release|Any CPU.Build.0 = Release|Any CPU
		{83543304-4C37-403D-81DE-836815884210}.Debug|Any CPU.ActiveCfg = Debug|Any CPU
		{83543304-4C37-403D-81DE-836815884210}.Debug|Any CPU.Build.0 = Debug|Any CPU
		{83543304-4C37-403D-81DE-836815884210}.Release|Any CPU.ActiveCfg = Release|Any CPU
		{83543304-4C37-403D-81DE-836815884210}.Release|Any CPU.Build.0 = Release|Any CPU
		{6161DDE6-F59F-4B03-B482-5833A8280A8D}.Debug|Any CPU.ActiveCfg = Debug|Any CPU
		{6161DDE6-F59F-4B03-B482-5833A8280A8D}.Debug|Any CPU.Build.0 = Debug|Any CPU
		{6161DDE6-F59F-4B03-B482-5833A8280A8D}.Release|Any CPU.ActiveCfg = Release|Any CPU
		{6161DDE6-F59F-4B03-B482-5833A8280A8D}.Release|Any CPU.Build.0 = Release|Any CPU
		{035B13E2-D114-4341-836F-F62390244CD0}.Debug|Any CPU.ActiveCfg = Debug|Any CPU
		{035B13E2-D114-4341-836F-F62390244CD0}.Debug|Any CPU.Build.0 = Debug|Any CPU
		{035B13E2-D114-4341-836F-F62390244CD0}.Release|Any CPU.ActiveCfg = Release|Any CPU
		{035B13E2-D114-4341-836F-F62390244CD0}.Release|Any CPU.Build.0 = Release|Any CPU
		{4A307079-9961-432B-BA8F-83E326E8A1B7}.Debug|Any CPU.ActiveCfg = Debug|Any CPU
		{4A307079-9961-432B-BA8F-83E326E8A1B7}.Debug|Any CPU.Build.0 = Debug|Any CPU
		{4A307079-9961-432B-BA8F-83E326E8A1B7}.Release|Any CPU.ActiveCfg = Release|Any CPU
		{4A307079-9961-432B-BA8F-83E326E8A1B7}.Release|Any CPU.Build.0 = Release|Any CPU
		{D4647414-8631-4D87-A920-447D8D9D3A49}.Debug|Any CPU.ActiveCfg = Debug|Any CPU
		{D4647414-8631-4D87-A920-447D8D9D3A49}.Debug|Any CPU.Build.0 = Debug|Any CPU
		{D4647414-8631-4D87-A920-447D8D9D3A49}.Release|Any CPU.ActiveCfg = Release|Any CPU
		{D4647414-8631-4D87-A920-447D8D9D3A49}.Release|Any CPU.Build.0 = Release|Any CPU
		{A521650F-67E8-40B7-8ADB-AD68B4E4AABA}.Debug|Any CPU.ActiveCfg = Debug|Any CPU
		{A521650F-67E8-40B7-8ADB-AD68B4E4AABA}.Debug|Any CPU.Build.0 = Debug|Any CPU
		{A521650F-67E8-40B7-8ADB-AD68B4E4AABA}.Release|Any CPU.ActiveCfg = Release|Any CPU
		{A521650F-67E8-40B7-8ADB-AD68B4E4AABA}.Release|Any CPU.Build.0 = Release|Any CPU
		{7E1EF2F4-F274-4325-AE34-5B968BD2BB59}.Debug|Any CPU.ActiveCfg = Debug|Any CPU
		{7E1EF2F4-F274-4325-AE34-5B968BD2BB59}.Debug|Any CPU.Build.0 = Debug|Any CPU
		{7E1EF2F4-F274-4325-AE34-5B968BD2BB59}.Release|Any CPU.ActiveCfg = Release|Any CPU
		{7E1EF2F4-F274-4325-AE34-5B968BD2BB59}.Release|Any CPU.Build.0 = Release|Any CPU
		{9E1E3E44-55CB-4405-89BC-E5D0DE62D1CD}.Debug|Any CPU.ActiveCfg = Debug|Any CPU
		{9E1E3E44-55CB-4405-89BC-E5D0DE62D1CD}.Debug|Any CPU.Build.0 = Debug|Any CPU
		{9E1E3E44-55CB-4405-89BC-E5D0DE62D1CD}.Release|Any CPU.ActiveCfg = Release|Any CPU
		{9E1E3E44-55CB-4405-89BC-E5D0DE62D1CD}.Release|Any CPU.Build.0 = Release|Any CPU
		{1AFAAE64-E844-4898-807B-DBF36F218D3D}.Debug|Any CPU.ActiveCfg = Debug|Any CPU
		{1AFAAE64-E844-4898-807B-DBF36F218D3D}.Debug|Any CPU.Build.0 = Debug|Any CPU
		{1AFAAE64-E844-4898-807B-DBF36F218D3D}.Release|Any CPU.ActiveCfg = Release|Any CPU
		{1AFAAE64-E844-4898-807B-DBF36F218D3D}.Release|Any CPU.Build.0 = Release|Any CPU
		{20BE43DE-4686-472F-A733-36458DA350AA}.Debug|Any CPU.ActiveCfg = Debug|Any CPU
		{20BE43DE-4686-472F-A733-36458DA350AA}.Debug|Any CPU.Build.0 = Debug|Any CPU
		{20BE43DE-4686-472F-A733-36458DA350AA}.Release|Any CPU.ActiveCfg = Release|Any CPU
		{20BE43DE-4686-472F-A733-36458DA350AA}.Release|Any CPU.Build.0 = Release|Any CPU
		{B134257B-90C4-43AC-8942-2A357C6F7982}.Debug|Any CPU.ActiveCfg = Debug|Any CPU
		{B134257B-90C4-43AC-8942-2A357C6F7982}.Debug|Any CPU.Build.0 = Debug|Any CPU
		{B134257B-90C4-43AC-8942-2A357C6F7982}.Release|Any CPU.ActiveCfg = Release|Any CPU
		{B134257B-90C4-43AC-8942-2A357C6F7982}.Release|Any CPU.Build.0 = Release|Any CPU
		{023A146E-161D-4D58-818A-9CA5E78E576D}.Debug|Any CPU.ActiveCfg = Debug|Any CPU
		{023A146E-161D-4D58-818A-9CA5E78E576D}.Debug|Any CPU.Build.0 = Debug|Any CPU
		{023A146E-161D-4D58-818A-9CA5E78E576D}.Release|Any CPU.ActiveCfg = Release|Any CPU
		{023A146E-161D-4D58-818A-9CA5E78E576D}.Release|Any CPU.Build.0 = Release|Any CPU
		{14FE9A43-1A16-4CC4-9EF5-8F0E22EBB8C0}.Debug|Any CPU.ActiveCfg = Debug|Any CPU
		{14FE9A43-1A16-4CC4-9EF5-8F0E22EBB8C0}.Debug|Any CPU.Build.0 = Debug|Any CPU
		{14FE9A43-1A16-4CC4-9EF5-8F0E22EBB8C0}.Release|Any CPU.ActiveCfg = Release|Any CPU
		{14FE9A43-1A16-4CC4-9EF5-8F0E22EBB8C0}.Release|Any CPU.Build.0 = Release|Any CPU
		{A06EE4C4-8869-4805-9FF9-2655E795E6F1}.Debug|Any CPU.ActiveCfg = Debug|Any CPU
		{A06EE4C4-8869-4805-9FF9-2655E795E6F1}.Debug|Any CPU.Build.0 = Debug|Any CPU
		{A06EE4C4-8869-4805-9FF9-2655E795E6F1}.Release|Any CPU.ActiveCfg = Release|Any CPU
		{A06EE4C4-8869-4805-9FF9-2655E795E6F1}.Release|Any CPU.Build.0 = Release|Any CPU
		{E99F86D7-A6F2-46A4-870C-1DDC12F32864}.Debug|Any CPU.ActiveCfg = Debug|Any CPU
		{E99F86D7-A6F2-46A4-870C-1DDC12F32864}.Debug|Any CPU.Build.0 = Debug|Any CPU
		{E99F86D7-A6F2-46A4-870C-1DDC12F32864}.Release|Any CPU.ActiveCfg = Release|Any CPU
		{E99F86D7-A6F2-46A4-870C-1DDC12F32864}.Release|Any CPU.Build.0 = Release|Any CPU
		{F9EDC9C4-32E4-4534-81F9-B183831E13B7}.Debug|Any CPU.ActiveCfg = Debug|Any CPU
		{F9EDC9C4-32E4-4534-81F9-B183831E13B7}.Debug|Any CPU.Build.0 = Debug|Any CPU
		{F9EDC9C4-32E4-4534-81F9-B183831E13B7}.Release|Any CPU.ActiveCfg = Release|Any CPU
		{F9EDC9C4-32E4-4534-81F9-B183831E13B7}.Release|Any CPU.Build.0 = Release|Any CPU
		{4CA4F857-EE02-48B8-B04D-2FEB0E4B93AE}.Debug|Any CPU.ActiveCfg = Debug|Any CPU
		{4CA4F857-EE02-48B8-B04D-2FEB0E4B93AE}.Debug|Any CPU.Build.0 = Debug|Any CPU
		{4CA4F857-EE02-48B8-B04D-2FEB0E4B93AE}.Release|Any CPU.ActiveCfg = Release|Any CPU
		{4CA4F857-EE02-48B8-B04D-2FEB0E4B93AE}.Release|Any CPU.Build.0 = Release|Any CPU
		{E5CBDDA2-1F54-44DB-BCFF-3C74C33FA96A}.Debug|Any CPU.ActiveCfg = Debug|Any CPU
		{E5CBDDA2-1F54-44DB-BCFF-3C74C33FA96A}.Debug|Any CPU.Build.0 = Debug|Any CPU
		{E5CBDDA2-1F54-44DB-BCFF-3C74C33FA96A}.Release|Any CPU.ActiveCfg = Release|Any CPU
		{E5CBDDA2-1F54-44DB-BCFF-3C74C33FA96A}.Release|Any CPU.Build.0 = Release|Any CPU
		{CFF0DF34-8A91-4132-A5C6-FB7340287AF9}.Debug|Any CPU.ActiveCfg = Debug|Any CPU
		{CFF0DF34-8A91-4132-A5C6-FB7340287AF9}.Debug|Any CPU.Build.0 = Debug|Any CPU
		{CFF0DF34-8A91-4132-A5C6-FB7340287AF9}.Release|Any CPU.ActiveCfg = Release|Any CPU
		{CFF0DF34-8A91-4132-A5C6-FB7340287AF9}.Release|Any CPU.Build.0 = Release|Any CPU
		{61EF5826-5B29-4AD1-8780-0C20487681BE}.Debug|Any CPU.ActiveCfg = Debug|Any CPU
		{61EF5826-5B29-4AD1-8780-0C20487681BE}.Debug|Any CPU.Build.0 = Debug|Any CPU
		{61EF5826-5B29-4AD1-8780-0C20487681BE}.Release|Any CPU.ActiveCfg = Release|Any CPU
		{61EF5826-5B29-4AD1-8780-0C20487681BE}.Release|Any CPU.Build.0 = Release|Any CPU
		{E719C1B1-24E4-4CF3-9512-646C35246E60}.Debug|Any CPU.ActiveCfg = Debug|Any CPU
		{E719C1B1-24E4-4CF3-9512-646C35246E60}.Debug|Any CPU.Build.0 = Debug|Any CPU
		{E719C1B1-24E4-4CF3-9512-646C35246E60}.Release|Any CPU.ActiveCfg = Release|Any CPU
		{E719C1B1-24E4-4CF3-9512-646C35246E60}.Release|Any CPU.Build.0 = Release|Any CPU
		{380F0DB4-E6F4-4A7F-98A4-B770EEAD526D}.Debug|Any CPU.ActiveCfg = Debug|Any CPU
		{380F0DB4-E6F4-4A7F-98A4-B770EEAD526D}.Debug|Any CPU.Build.0 = Debug|Any CPU
		{380F0DB4-E6F4-4A7F-98A4-B770EEAD526D}.Release|Any CPU.ActiveCfg = Release|Any CPU
		{380F0DB4-E6F4-4A7F-98A4-B770EEAD526D}.Release|Any CPU.Build.0 = Release|Any CPU
		{FB8C86A2-4796-4601-A75D-BF4B5E8BE62A}.Debug|Any CPU.ActiveCfg = Debug|Any CPU
		{FB8C86A2-4796-4601-A75D-BF4B5E8BE62A}.Debug|Any CPU.Build.0 = Debug|Any CPU
		{FB8C86A2-4796-4601-A75D-BF4B5E8BE62A}.Release|Any CPU.ActiveCfg = Release|Any CPU
		{FB8C86A2-4796-4601-A75D-BF4B5E8BE62A}.Release|Any CPU.Build.0 = Release|Any CPU
		{F8F6298A-E05A-4B68-A1F9-FEC0B25FB165}.Debug|Any CPU.ActiveCfg = Debug|Any CPU
		{F8F6298A-E05A-4B68-A1F9-FEC0B25FB165}.Debug|Any CPU.Build.0 = Debug|Any CPU
		{F8F6298A-E05A-4B68-A1F9-FEC0B25FB165}.Release|Any CPU.ActiveCfg = Release|Any CPU
		{F8F6298A-E05A-4B68-A1F9-FEC0B25FB165}.Release|Any CPU.Build.0 = Release|Any CPU
		{A02D7606-2314-4EA4-A0FA-F6B21529C656}.Debug|Any CPU.ActiveCfg = Debug|Any CPU
		{A02D7606-2314-4EA4-A0FA-F6B21529C656}.Debug|Any CPU.Build.0 = Debug|Any CPU
		{A02D7606-2314-4EA4-A0FA-F6B21529C656}.Release|Any CPU.ActiveCfg = Release|Any CPU
		{A02D7606-2314-4EA4-A0FA-F6B21529C656}.Release|Any CPU.Build.0 = Release|Any CPU
		{3016B11A-2C5C-4131-AB8C-60DC5737B942}.Debug|Any CPU.ActiveCfg = Debug|Any CPU
		{3016B11A-2C5C-4131-AB8C-60DC5737B942}.Debug|Any CPU.Build.0 = Debug|Any CPU
		{3016B11A-2C5C-4131-AB8C-60DC5737B942}.Release|Any CPU.ActiveCfg = Release|Any CPU
		{3016B11A-2C5C-4131-AB8C-60DC5737B942}.Release|Any CPU.Build.0 = Release|Any CPU
		{80D7FB74-3E89-4C42-AAF1-74D7898084BA}.Debug|Any CPU.ActiveCfg = Debug|Any CPU
		{80D7FB74-3E89-4C42-AAF1-74D7898084BA}.Debug|Any CPU.Build.0 = Debug|Any CPU
		{80D7FB74-3E89-4C42-AAF1-74D7898084BA}.Release|Any CPU.ActiveCfg = Release|Any CPU
		{80D7FB74-3E89-4C42-AAF1-74D7898084BA}.Release|Any CPU.Build.0 = Release|Any CPU
		{AAC45009-87AC-4DFA-8B8C-1FC402371143}.Debug|Any CPU.ActiveCfg = Debug|Any CPU
		{AAC45009-87AC-4DFA-8B8C-1FC402371143}.Debug|Any CPU.Build.0 = Debug|Any CPU
		{AAC45009-87AC-4DFA-8B8C-1FC402371143}.Release|Any CPU.ActiveCfg = Release|Any CPU
		{AAC45009-87AC-4DFA-8B8C-1FC402371143}.Release|Any CPU.Build.0 = Release|Any CPU
		{0F3745FC-54C2-4206-A30D-18AAEA0FA69B}.Debug|Any CPU.ActiveCfg = Debug|Any CPU
		{0F3745FC-54C2-4206-A30D-18AAEA0FA69B}.Debug|Any CPU.Build.0 = Debug|Any CPU
		{0F3745FC-54C2-4206-A30D-18AAEA0FA69B}.Release|Any CPU.ActiveCfg = Release|Any CPU
		{0F3745FC-54C2-4206-A30D-18AAEA0FA69B}.Release|Any CPU.Build.0 = Release|Any CPU
		{13EF5746-40EA-47B8-BA8A-AD8AA28A0EAA}.Debug|Any CPU.ActiveCfg = Debug|Any CPU
		{13EF5746-40EA-47B8-BA8A-AD8AA28A0EAA}.Debug|Any CPU.Build.0 = Debug|Any CPU
		{13EF5746-40EA-47B8-BA8A-AD8AA28A0EAA}.Release|Any CPU.ActiveCfg = Release|Any CPU
		{13EF5746-40EA-47B8-BA8A-AD8AA28A0EAA}.Release|Any CPU.Build.0 = Release|Any CPU
		{842C6A3B-1D34-45D2-81AB-FF50DE2DC3A6}.Debug|Any CPU.ActiveCfg = Debug|Any CPU
		{842C6A3B-1D34-45D2-81AB-FF50DE2DC3A6}.Debug|Any CPU.Build.0 = Debug|Any CPU
		{842C6A3B-1D34-45D2-81AB-FF50DE2DC3A6}.Release|Any CPU.ActiveCfg = Release|Any CPU
		{842C6A3B-1D34-45D2-81AB-FF50DE2DC3A6}.Release|Any CPU.Build.0 = Release|Any CPU
		{3E61A059-6FBD-40F5-9F3A-811667132303}.Debug|Any CPU.ActiveCfg = Debug|Any CPU
		{3E61A059-6FBD-40F5-9F3A-811667132303}.Debug|Any CPU.Build.0 = Debug|Any CPU
		{3E61A059-6FBD-40F5-9F3A-811667132303}.Release|Any CPU.ActiveCfg = Release|Any CPU
		{3E61A059-6FBD-40F5-9F3A-811667132303}.Release|Any CPU.Build.0 = Release|Any CPU
		{41746DAD-0734-4F8F-91D9-247280C4BFAF}.Debug|Any CPU.ActiveCfg = Debug|Any CPU
		{41746DAD-0734-4F8F-91D9-247280C4BFAF}.Debug|Any CPU.Build.0 = Debug|Any CPU
		{41746DAD-0734-4F8F-91D9-247280C4BFAF}.Release|Any CPU.ActiveCfg = Release|Any CPU
		{41746DAD-0734-4F8F-91D9-247280C4BFAF}.Release|Any CPU.Build.0 = Release|Any CPU
		{7CF20FD7-446D-4DE5-8380-EA29D338D966}.Debug|Any CPU.ActiveCfg = Debug|Any CPU
		{7CF20FD7-446D-4DE5-8380-EA29D338D966}.Debug|Any CPU.Build.0 = Debug|Any CPU
		{7CF20FD7-446D-4DE5-8380-EA29D338D966}.Release|Any CPU.ActiveCfg = Release|Any CPU
		{7CF20FD7-446D-4DE5-8380-EA29D338D966}.Release|Any CPU.Build.0 = Release|Any CPU
		{5E11A380-473A-4291-B2F6-628B479C339D}.Debug|Any CPU.ActiveCfg = Debug|Any CPU
		{5E11A380-473A-4291-B2F6-628B479C339D}.Debug|Any CPU.Build.0 = Debug|Any CPU
		{5E11A380-473A-4291-B2F6-628B479C339D}.Release|Any CPU.ActiveCfg = Release|Any CPU
		{5E11A380-473A-4291-B2F6-628B479C339D}.Release|Any CPU.Build.0 = Release|Any CPU
		{005D4723-468C-4BCD-995E-3C63174F5623}.Debug|Any CPU.ActiveCfg = Debug|Any CPU
		{005D4723-468C-4BCD-995E-3C63174F5623}.Debug|Any CPU.Build.0 = Debug|Any CPU
		{005D4723-468C-4BCD-995E-3C63174F5623}.Release|Any CPU.ActiveCfg = Release|Any CPU
		{005D4723-468C-4BCD-995E-3C63174F5623}.Release|Any CPU.Build.0 = Release|Any CPU
	EndGlobalSection
	GlobalSection(SolutionProperties) = preSolution
		HideSolutionNode = FALSE
	EndGlobalSection
	GlobalSection(NestedProjects) = preSolution
		{620780BE-855E-47ED-8999-43D73E224C17} = {9D8298D5-E08F-4A28-B17E-3CE78BEEAACE}
		{EBB50A55-82EE-4988-B8D0-FB264D7BA0BB} = {9D8298D5-E08F-4A28-B17E-3CE78BEEAACE}
		{81BF78F4-6C90-4F1E-9D1D-6EB5B740EB0A} = {D627C438-F80E-44DF-993A-27D374380887}
		{F61B15AC-EB8E-4804-A0F3-C317F123705F} = {D627C438-F80E-44DF-993A-27D374380887}
		{C59F9DD5-80F2-4284-AA98-920ED191BB37} = {F286B384-5CB5-437F-8637-CF492457CFEC}
		{BAE778ED-15FA-4252-800A-8191516EA979} = {F286B384-5CB5-437F-8637-CF492457CFEC}
		{8F582078-DB70-4A2A-8B41-BE7C8D95EAE7} = {BE20BD4C-018E-42D9-AFB6-C645D98E2F58}
		{6072427A-527D-4724-B7BB-D27C54444D3A} = {BE20BD4C-018E-42D9-AFB6-C645D98E2F58}
		{A0B9F25B-17CB-4970-97E9-7D111B555F57} = {BE20BD4C-018E-42D9-AFB6-C645D98E2F58}
		{292D83CF-AF4B-426B-AB3F-0A105698BD08} = {BE20BD4C-018E-42D9-AFB6-C645D98E2F58}
		{3DCE5E3C-6A0E-4979-A601-83DD600798CD} = {BE20BD4C-018E-42D9-AFB6-C645D98E2F58}
		{F5DDFA11-96BD-4D2E-8F6C-5FD1F75E7B18} = {BE20BD4C-018E-42D9-AFB6-C645D98E2F58}
		{1F83C8B4-80C6-4287-9545-8CA6AE530CB9} = {BE20BD4C-018E-42D9-AFB6-C645D98E2F58}
		{BCD51F38-D211-4A7D-915D-06EBBA6DE333} = {BE20BD4C-018E-42D9-AFB6-C645D98E2F58}
		{E8E0FBAC-2042-458C-9A84-9F5BBD083D21} = {BE20BD4C-018E-42D9-AFB6-C645D98E2F58}
		{3841E9E6-058D-4B3A-8A8E-46E605DA7E86} = {BE20BD4C-018E-42D9-AFB6-C645D98E2F58}
		{50CFDBB7-9244-4270-8DB3-10D1A1C44580} = {B398D1DD-4406-4A37-9687-882132A46F3E}
		{8F6071E8-12D6-4172-A06E-419764F742B9} = {B398D1DD-4406-4A37-9687-882132A46F3E}
		{2D31225F-E936-4817-85B6-2A84CC7D89C7} = {42ABAE0A-82C0-4BF7-AD76-E747F7D4EA65}
		{E10F5F82-180B-4DAC-82DC-963D8A34FA25} = {42ABAE0A-82C0-4BF7-AD76-E747F7D4EA65}
		{755330F9-DCC5-4A5A-9728-A6D6F5E12358} = {42ABAE0A-82C0-4BF7-AD76-E747F7D4EA65}
		{62B02FBD-748A-4AE5-95AA-B36D95AB2AF8} = {42ABAE0A-82C0-4BF7-AD76-E747F7D4EA65}
		{9891169E-D3A1-492B-A61E-5479A96F7FCF} = {42ABAE0A-82C0-4BF7-AD76-E747F7D4EA65}
		{B5817238-188F-4823-BB2E-60F948FAF324} = {D26D3032-3E78-4920-A3CA-A28147768932}
		{98E7BB50-FD3F-4E28-B363-5F912C57611E} = {D26D3032-3E78-4920-A3CA-A28147768932}
		{99EDC1B0-48AD-4611-850B-FFF8509339AC} = {696373B6-197F-4E5D-AC49-649E46D4C20E}
		{7A635B94-643F-497A-96E6-ECEA868FC2EE} = {696373B6-197F-4E5D-AC49-649E46D4C20E}
		{C4CFB249-B9C0-4860-9F45-F48B62DDF387} = {696373B6-197F-4E5D-AC49-649E46D4C20E}
		{11867933-F01C-4019-934D-87C49D656C2A} = {F28A7485-FC81-4041-AF38-EB0603908832}
		{6CD215A3-F700-4617-A2EE-5033F2D81293} = {F28A7485-FC81-4041-AF38-EB0603908832}
		{94BAE5B0-3FA1-4F95-B772-182DDBF91E30} = {F28A7485-FC81-4041-AF38-EB0603908832}
		{8229405F-CA00-453D-879C-0ECEC548724B} = {9ED8C355-A386-4068-9C23-38983C0FF885}
		{88836CD0-FE62-43FC-83E8-27CDA44149A0} = {9ED8C355-A386-4068-9C23-38983C0FF885}
		{52288BC2-E8C9-423E-9534-2F75210CBDE1} = {9ED8C355-A386-4068-9C23-38983C0FF885}
		{2077C8C8-D4C4-4556-8F7C-7799C1D33444} = {9ED8C355-A386-4068-9C23-38983C0FF885}
		{1980C9E8-0BFB-4044-B856-C1F82DD10E3C} = {9ED8C355-A386-4068-9C23-38983C0FF885}
		{D1873153-BD9C-4738-B1B9-123CA155734F} = {9ED8C355-A386-4068-9C23-38983C0FF885}
		{2D1B1BD1-9985-406A-BDE7-DDA5D7128CEB} = {9ED8C355-A386-4068-9C23-38983C0FF885}
		{158BB0A6-E1E0-442E-A1D9-EAAA1E075670} = {9ED8C355-A386-4068-9C23-38983C0FF885}
		{BA365184-FBAB-46E3-85C5-D94BA76AAF03} = {9D8298D5-E08F-4A28-B17E-3CE78BEEAACE}
		{B506545D-D657-4B83-BDB4-45381DFB9627} = {9D8298D5-E08F-4A28-B17E-3CE78BEEAACE}
		{E557CAD4-67E5-495A-9A5D-E56448BB92E6} = {9D8298D5-E08F-4A28-B17E-3CE78BEEAACE}
		{7751428C-8101-43E7-BF89-4824BBF9BA2F} = {620780BE-855E-47ED-8999-43D73E224C17}
		{80D4A596-3D7A-40BE-8543-1A25D56B89FF} = {620780BE-855E-47ED-8999-43D73E224C17}
		{9FB922C9-47BF-4101-A149-96087D25EF97} = {EBB50A55-82EE-4988-B8D0-FB264D7BA0BB}
		{5A5CF527-6EBB-429C-82FC-777BF21D9533} = {EBB50A55-82EE-4988-B8D0-FB264D7BA0BB}
		{D9E3881A-73F5-4FA0-B0B2-0AF266569D19} = {EA9C9B10-2751-4EBC-B50C-4D9B5D36B32D}
		{4ABB5538-B545-40C4-B9F6-210AE625F38B} = {EA9C9B10-2751-4EBC-B50C-4D9B5D36B32D}
		{1F351FDD-21AA-4D5D-988F-273EF03569FC} = {EA9C9B10-2751-4EBC-B50C-4D9B5D36B32D}
		{D5F7CFA7-4FDA-4C0C-A2BB-DE9790CA4DAB} = {3593D11D-02D2-41E4-AA2E-93995A6942C3}
		{01872BB1-934E-47D8-BFA4-A11F5F4B4ECA} = {3593D11D-02D2-41E4-AA2E-93995A6942C3}
		{E20BEA26-85A9-4845-912E-A6753C933BEA} = {3593D11D-02D2-41E4-AA2E-93995A6942C3}
		{8546B699-42C8-4E10-BDCA-BD98695E576A} = {3593D11D-02D2-41E4-AA2E-93995A6942C3}
		{5BFD8DC4-A78A-44B0-9967-77C09B576336} = {3593D11D-02D2-41E4-AA2E-93995A6942C3}
		{D3625918-482F-4D29-B092-09461B28CE8C} = {3593D11D-02D2-41E4-AA2E-93995A6942C3}
		{AFC6C7A6-35BC-483A-B7BD-4114632D16C2} = {3593D11D-02D2-41E4-AA2E-93995A6942C3}
		{38BB33F5-AB32-406A-8AC8-E3BF5272E2D3} = {41C6B9EA-8D57-4ED8-9EB4-3C76483F38EA}
		{4C259EAA-5224-4350-8AA6-CCC098327B9A} = {41C6B9EA-8D57-4ED8-9EB4-3C76483F38EA}
		{DBE90351-CD06-4BC7-9DBC-B5811789D6EE} = {41C6B9EA-8D57-4ED8-9EB4-3C76483F38EA}
		{83543304-4C37-403D-81DE-836815884210} = {41C6B9EA-8D57-4ED8-9EB4-3C76483F38EA}
		{6161DDE6-F59F-4B03-B482-5833A8280A8D} = {41C6B9EA-8D57-4ED8-9EB4-3C76483F38EA}
		{035B13E2-D114-4341-836F-F62390244CD0} = {41C6B9EA-8D57-4ED8-9EB4-3C76483F38EA}
		{4A307079-9961-432B-BA8F-83E326E8A1B7} = {D627C438-F80E-44DF-993A-27D374380887}
		{D4647414-8631-4D87-A920-447D8D9D3A49} = {D627C438-F80E-44DF-993A-27D374380887}
		{A521650F-67E8-40B7-8ADB-AD68B4E4AABA} = {D627C438-F80E-44DF-993A-27D374380887}
		{7E1EF2F4-F274-4325-AE34-5B968BD2BB59} = {D627C438-F80E-44DF-993A-27D374380887}
		{9E1E3E44-55CB-4405-89BC-E5D0DE62D1CD} = {D627C438-F80E-44DF-993A-27D374380887}
		{1AFAAE64-E844-4898-807B-DBF36F218D3D} = {D627C438-F80E-44DF-993A-27D374380887}
		{20BE43DE-4686-472F-A733-36458DA350AA} = {F61B15AC-EB8E-4804-A0F3-C317F123705F}
		{B134257B-90C4-43AC-8942-2A357C6F7982} = {F61B15AC-EB8E-4804-A0F3-C317F123705F}
		{023A146E-161D-4D58-818A-9CA5E78E576D} = {F61B15AC-EB8E-4804-A0F3-C317F123705F}
		{14FE9A43-1A16-4CC4-9EF5-8F0E22EBB8C0} = {81BF78F4-6C90-4F1E-9D1D-6EB5B740EB0A}
		{A06EE4C4-8869-4805-9FF9-2655E795E6F1} = {81BF78F4-6C90-4F1E-9D1D-6EB5B740EB0A}
		{5EA41C3D-E511-4C41-8B62-9499B20142EA} = {9ED8C355-A386-4068-9C23-38983C0FF885}
		{2176611F-6747-4A9A-8F46-8FC0C7D52A3B} = {9ED8C355-A386-4068-9C23-38983C0FF885}
		{E99F86D7-A6F2-46A4-870C-1DDC12F32864} = {2176611F-6747-4A9A-8F46-8FC0C7D52A3B}
		{F9EDC9C4-32E4-4534-81F9-B183831E13B7} = {2176611F-6747-4A9A-8F46-8FC0C7D52A3B}
		{4CA4F857-EE02-48B8-B04D-2FEB0E4B93AE} = {2176611F-6747-4A9A-8F46-8FC0C7D52A3B}
		{E5CBDDA2-1F54-44DB-BCFF-3C74C33FA96A} = {5EA41C3D-E511-4C41-8B62-9499B20142EA}
		{CFF0DF34-8A91-4132-A5C6-FB7340287AF9} = {5EA41C3D-E511-4C41-8B62-9499B20142EA}
		{61EF5826-5B29-4AD1-8780-0C20487681BE} = {5EA41C3D-E511-4C41-8B62-9499B20142EA}
		{E719C1B1-24E4-4CF3-9512-646C35246E60} = {BE20BD4C-018E-42D9-AFB6-C645D98E2F58}
		{380F0DB4-E6F4-4A7F-98A4-B770EEAD526D} = {F286B384-5CB5-437F-8637-CF492457CFEC}
		{FB8C86A2-4796-4601-A75D-BF4B5E8BE62A} = {F286B384-5CB5-437F-8637-CF492457CFEC}
		{F8F6298A-E05A-4B68-A1F9-FEC0B25FB165} = {F286B384-5CB5-437F-8637-CF492457CFEC}
		{A02D7606-2314-4EA4-A0FA-F6B21529C656} = {F286B384-5CB5-437F-8637-CF492457CFEC}
		{3016B11A-2C5C-4131-AB8C-60DC5737B942} = {F286B384-5CB5-437F-8637-CF492457CFEC}
		{80D7FB74-3E89-4C42-AAF1-74D7898084BA} = {A102DBA1-F311-48FF-AAFE-10A5A67D20A3}
		{AAC45009-87AC-4DFA-8B8C-1FC402371143} = {1C1C4429-92B9-4FBF-AFF6-D874E60CA5F6}
		{0F3745FC-54C2-4206-A30D-18AAEA0FA69B} = {1C1C4429-92B9-4FBF-AFF6-D874E60CA5F6}
		{13EF5746-40EA-47B8-BA8A-AD8AA28A0EAA} = {1C1C4429-92B9-4FBF-AFF6-D874E60CA5F6}
		{842C6A3B-1D34-45D2-81AB-FF50DE2DC3A6} = {1C1C4429-92B9-4FBF-AFF6-D874E60CA5F6}
		{3E61A059-6FBD-40F5-9F3A-811667132303} = {7BF15686-D9C3-4F6B-B696-E79CACF47E69}
		{41746DAD-0734-4F8F-91D9-247280C4BFAF} = {7BF15686-D9C3-4F6B-B696-E79CACF47E69}
		{7CF20FD7-446D-4DE5-8380-EA29D338D966} = {620EC9FE-9663-4A9D-94E1-4C03494839B3}
		{5E11A380-473A-4291-B2F6-628B479C339D} = {620EC9FE-9663-4A9D-94E1-4C03494839B3}
		{005D4723-468C-4BCD-995E-3C63174F5623} = {9D8298D5-E08F-4A28-B17E-3CE78BEEAACE}
	EndGlobalSection
	GlobalSection(ExtensibilityGlobals) = postSolution
		SolutionGuid = {9A88110C-6C4D-4227-A047-05BE7B639B9F}
	EndGlobalSection
EndGlobal
