
Microsoft Visual Studio Solution File, Format Version 12.00
# Visual Studio Version 17
VisualStudioVersion = 17.3.32922.545
MinimumVisualStudioVersion = 10.0.40219.1
Project("{2150E333-8FDC-42A3-9474-1A3956D46DE8}") = "01-ef-mysql", "01-ef-mysql", "{CD1BA675-733D-4653-B820-E76B2D4021E5}"
EndProject
Project("{2150E333-8FDC-42A3-9474-1A3956D46DE8}") = "02-ef-ms-sql-server", "02-ef-ms-sql-server", "{88E7679F-B0A2-4785-BFA7-B0DC2DE3F61B}"
EndProject
Project("{2150E333-8FDC-42A3-9474-1A3956D46DE8}") = "03-ef-both-mysql-ms-sql", "03-ef-both-mysql-ms-sql", "{423BE891-424D-40BA-A9CC-F926CA71CD51}"
EndProject
Project("{9A19103F-16F7-4668-BE54-9A1E7A4F7556}") = "HelloConsoleEfMySql", "02-database-interaction\01-ef-mysql\HelloConsoleEfMySql.csproj", "{67C9B32A-1E1C-4768-8FBF-D923AD193D04}"
EndProject
Project("{9A19103F-16F7-4668-BE54-9A1E7A4F7556}") = "HelloConsoleEfSqlSrv", "02-database-interaction\02-ef-ms-sql-server\HelloConsoleEfSqlSrv.csproj", "{E6226E84-586F-4370-88C3-E1C35C3D4C92}"
EndProject
Project("{9A19103F-16F7-4668-BE54-9A1E7A4F7556}") = "HelloConsoleEfXBoth", "02-database-interaction\03-ef-both-mysql-ms-sql\HelloConsoleEfXBoth.csproj", "{2023B553-9E83-4F24-ACE8-905465FCDCA7}"
EndProject
Global
	GlobalSection(SolutionConfigurationPlatforms) = preSolution
		Debug|Any CPU = Debug|Any CPU
		Release|Any CPU = Release|Any CPU
	EndGlobalSection
	GlobalSection(ProjectConfigurationPlatforms) = postSolution
		{67C9B32A-1E1C-4768-8FBF-D923AD193D04}.Debug|Any CPU.ActiveCfg = Debug|Any CPU
		{67C9B32A-1E1C-4768-8FBF-D923AD193D04}.Debug|Any CPU.Build.0 = Debug|Any CPU
		{67C9B32A-1E1C-4768-8FBF-D923AD193D04}.Release|Any CPU.ActiveCfg = Release|Any CPU
		{67C9B32A-1E1C-4768-8FBF-D923AD193D04}.Release|Any CPU.Build.0 = Release|Any CPU
		{E6226E84-586F-4370-88C3-E1C35C3D4C92}.Debug|Any CPU.ActiveCfg = Debug|Any CPU
		{E6226E84-586F-4370-88C3-E1C35C3D4C92}.Debug|Any CPU.Build.0 = Debug|Any CPU
		{E6226E84-586F-4370-88C3-E1C35C3D4C92}.Release|Any CPU.ActiveCfg = Release|Any CPU
		{E6226E84-586F-4370-88C3-E1C35C3D4C92}.Release|Any CPU.Build.0 = Release|Any CPU
		{2023B553-9E83-4F24-ACE8-905465FCDCA7}.Debug|Any CPU.ActiveCfg = Debug|Any CPU
		{2023B553-9E83-4F24-ACE8-905465FCDCA7}.Debug|Any CPU.Build.0 = Debug|Any CPU
		{2023B553-9E83-4F24-ACE8-905465FCDCA7}.Release|Any CPU.ActiveCfg = Release|Any CPU
		{2023B553-9E83-4F24-ACE8-905465FCDCA7}.Release|Any CPU.Build.0 = Release|Any CPU
	EndGlobalSection
	GlobalSection(SolutionProperties) = preSolution
		HideSolutionNode = FALSE
	EndGlobalSection
	GlobalSection(NestedProjects) = preSolution
		{67C9B32A-1E1C-4768-8FBF-D923AD193D04} = {CD1BA675-733D-4653-B820-E76B2D4021E5}
		{E6226E84-586F-4370-88C3-E1C35C3D4C92} = {88E7679F-B0A2-4785-BFA7-B0DC2DE3F61B}
		{2023B553-9E83-4F24-ACE8-905465FCDCA7} = {423BE891-424D-40BA-A9CC-F926CA71CD51}
	EndGlobalSection
	GlobalSection(ExtensibilityGlobals) = postSolution
		SolutionGuid = {9A88110C-6C4D-4227-A047-05BE7B639B9F}
	EndGlobalSection
EndGlobal
