
Microsoft Visual Studio Solution File, Format Version 12.00
# Visual Studio Version 16
VisualStudioVersion = 16.0.30406.217
MinimumVisualStudioVersion = 10.0.40219.1
Project("{2150E333-8FDC-42A3-9474-1A3956D46DE8}") = "01-konstrukcije-jezika", "01-konstrukcije-jezika", "{C581030E-4957-438C-A2A9-0E98A3AE86A8}"
EndProject
Project("{2150E333-8FDC-42A3-9474-1A3956D46DE8}") = "06-generics", "06-generics", "{696373B6-197F-4E5D-AC49-649E46D4C20E}"
EndProject
Project("{2150E333-8FDC-42A3-9474-1A3956D46DE8}") = "13-async-prog", "13-async-prog", "{D627C438-F80E-44DF-993A-27D374380887}"
EndProject
Project("{2150E333-8FDC-42A3-9474-1A3956D46DE8}") = "01-functions", "01-functions", "{F286B384-5CB5-437F-8637-CF492457CFEC}"
EndProject
Project("{2150E333-8FDC-42A3-9474-1A3956D46DE8}") = "02-classes", "02-classes", "{BE20BD4C-018E-42D9-AFB6-C645D98E2F58}"
EndProject
Project("{2150E333-8FDC-42A3-9474-1A3956D46DE8}") = "03-interfaces", "03-interfaces", "{B398D1DD-4406-4A37-9687-882132A46F3E}"
EndProject
Project("{2150E333-8FDC-42A3-9474-1A3956D46DE8}") = "04-properties", "04-properties", "{42ABAE0A-82C0-4BF7-AD76-E747F7D4EA65}"
EndProject
Project("{2150E333-8FDC-42A3-9474-1A3956D46DE8}") = "05-enums", "05-enums", "{D26D3032-3E78-4920-A3CA-A28147768932}"
EndProject
Project("{2150E333-8FDC-42A3-9474-1A3956D46DE8}") = "07-indexers", "07-indexers", "{F28A7485-FC81-4041-AF38-EB0603908832}"
EndProject
Project("{2150E333-8FDC-42A3-9474-1A3956D46DE8}") = "12-tuples", "12-tuples", "{41C6B9EA-8D57-4ED8-9EB4-3C76483F38EA}"
EndProject
Project("{2150E333-8FDC-42A3-9474-1A3956D46DE8}") = "10-structures", "10-structures", "{EA9C9B10-2751-4EBC-B50C-4D9B5D36B32D}"
EndProject
Project("{2150E333-8FDC-42A3-9474-1A3956D46DE8}") = "08-delegates", "08-delegates", "{9ED8C355-A386-4068-9C23-38983C0FF885}"
EndProject
Project("{2150E333-8FDC-42A3-9474-1A3956D46DE8}") = "09-events", "09-events", "{9D8298D5-E08F-4A28-B17E-3CE78BEEAACE}"
EndProject
Project("{2150E333-8FDC-42A3-9474-1A3956D46DE8}") = "11-lambdas", "11-lambdas", "{3593D11D-02D2-41E4-AA2E-93995A6942C3}"
EndProject
Project("{2150E333-8FDC-42A3-9474-1A3956D46DE8}") = "14-linq", "14-linq", "{7BF15686-D9C3-4F6B-B696-E79CACF47E69}"
EndProject
Project("{2150E333-8FDC-42A3-9474-1A3956D46DE8}") = "16-records", "16-records", "{1C1C4429-92B9-4FBF-AFF6-D874E60CA5F6}"
EndProject
Project("{2150E333-8FDC-42A3-9474-1A3956D46DE8}") = "99a-events-demo-start", "99a-events-demo-start", "{620780BE-855E-47ED-8999-43D73E224C17}"
EndProject
Project("{2150E333-8FDC-42A3-9474-1A3956D46DE8}") = "99b-events-demo-end", "99b-events-demo-end", "{EBB50A55-82EE-4988-B8D0-FB264D7BA0BB}"
EndProject
Project("{2150E333-8FDC-42A3-9474-1A3956D46DE8}") = "02-database-interaction", "02-database-interaction", "{CEDD449A-9957-431D-9753-6ADA0952C00B}"
EndProject
Project("{2150E333-8FDC-42A3-9474-1A3956D46DE8}") = "15-nullable", "15-nullable", "{A102DBA1-F311-48FF-AAFE-10A5A67D20A3}"
EndProject
Project("{2150E333-8FDC-42A3-9474-1A3956D46DE8}") = "99.tim.correy.tutorial", "99.tim.correy.tutorial", "{81BF78F4-6C90-4F1E-9D1D-6EB5B740EB0A}"
EndProject
Project("{2150E333-8FDC-42A3-9474-1A3956D46DE8}") = "98.microsoft.tutorial", "98.microsoft.tutorial", "{F61B15AC-EB8E-4804-A0F3-C317F123705F}"
EndProject
Project("{9A19103F-16F7-4668-BE54-9A1E7A4F7556}") = "01.simple.case", "01-language\01-functions\01-simple-case\01.simple.case.csproj", "{C59F9DD5-80F2-4284-AA98-920ED191BB37}"
EndProject
Project("{9A19103F-16F7-4668-BE54-9A1E7A4F7556}") = "02.optional.named.params", "01-language\01-functions\02-optional-params\02.optional.named.params.csproj", "{BAE778ED-15FA-4252-800A-8191516EA979}"
EndProject
Project("{9A19103F-16F7-4668-BE54-9A1E7A4F7556}") = "03.out.params", "01-language\01-functions\03-out-param\03.out.params.csproj", "{7527BBED-9D24-4460-A9AF-DC92539A9291}"
EndProject
Project("{9A19103F-16F7-4668-BE54-9A1E7A4F7556}") = "04.ref.params", "01-language\01-functions\04-ref-params\04.ref.params.csproj", "{649F3DFE-88B7-4A19-A6FD-241BB436465B}"
EndProject
Project("{9A19103F-16F7-4668-BE54-9A1E7A4F7556}") = "05.ref.params.class", "01-language\01-functions\05-ref-params-class\05.ref.params.class.csproj", "{75882131-299F-4D93-BAF3-66AD4802A713}"
EndProject
Project("{9A19103F-16F7-4668-BE54-9A1E7A4F7556}") = "06.extension.methods", "01-language\01-functions\06-extensions\06.extension.methods.csproj", "{91D21BF9-77E6-43EE-89D3-29D7E1CE88E6}"
EndProject
Project("{9A19103F-16F7-4668-BE54-9A1E7A4F7556}") = "01.modifiers.public", "01-language\02-classes\01-modifiers-public\01.modifiers.public.csproj", "{8F582078-DB70-4A2A-8B41-BE7C8D95EAE7}"
EndProject
Project("{9A19103F-16F7-4668-BE54-9A1E7A4F7556}") = "02.modifiers.protected", "01-language\02-classes\02-modifiers-protected\02.modifiers.protected.csproj", "{6072427A-527D-4724-B7BB-D27C54444D3A}"
EndProject
Project("{9A19103F-16F7-4668-BE54-9A1E7A4F7556}") = "03.modifiers.internal", "01-language\02-classes\03-modifiers-internal\03.modifiers.internal.csproj", "{A0B9F25B-17CB-4970-97E9-7D111B555F57}"
EndProject
Project("{9A19103F-16F7-4668-BE54-9A1E7A4F7556}") = "04.modifiers.protected.internal", "01-language\02-classes\04-modifiers-protected-internal\04.modifiers.protected.internal.csproj", "{292D83CF-AF4B-426B-AB3F-0A105698BD08}"
EndProject
Project("{9A19103F-16F7-4668-BE54-9A1E7A4F7556}") = "05.modifiers.private", "01-language\02-classes\05-modifiers-private\05.modifiers.private.csproj", "{3DCE5E3C-6A0E-4979-A601-83DD600798CD}"
EndProject
Project("{9A19103F-16F7-4668-BE54-9A1E7A4F7556}") = "06.modifiers.private.protected", "01-language\02-classes\06-modifiers-private-protected\06.modifiers.private.protected.csproj", "{F5DDFA11-96BD-4D2E-8F6C-5FD1F75E7B18}"
EndProject
Project("{9A19103F-16F7-4668-BE54-9A1E7A4F7556}") = "07.method.override", "01-language\02-classes\07-override\07.method.override.csproj", "{1F83C8B4-80C6-4287-9545-8CA6AE530CB9}"
EndProject
Project("{9A19103F-16F7-4668-BE54-9A1E7A4F7556}") = "08.method.new.hide", "01-language\02-classes\08-hide\08.method.new.hide.csproj", "{BCD51F38-D211-4A7D-915D-06EBBA6DE333}"
EndProject
Project("{9A19103F-16F7-4668-BE54-9A1E7A4F7556}") = "09.partial.class", "01-language\02-classes\09-partial-class\09.partial.class.csproj", "{E8E0FBAC-2042-458C-9A84-9F5BBD083D21}"
EndProject
Project("{9A19103F-16F7-4668-BE54-9A1E7A4F7556}") = "10.operator.overload", "01-language\02-classes\10-operator-overload\10.operator.overload.csproj", "{3841E9E6-058D-4B3A-8A8E-46E605DA7E86}"
EndProject
Global
	GlobalSection(SolutionConfigurationPlatforms) = preSolution
		Debug|Any CPU = Debug|Any CPU
		Release|Any CPU = Release|Any CPU
	EndGlobalSection
	GlobalSection(ProjectConfigurationPlatforms) = postSolution
		{C59F9DD5-80F2-4284-AA98-920ED191BB37}.Debug|Any CPU.ActiveCfg = Debug|Any CPU
		{C59F9DD5-80F2-4284-AA98-920ED191BB37}.Debug|Any CPU.Build.0 = Debug|Any CPU
		{C59F9DD5-80F2-4284-AA98-920ED191BB37}.Release|Any CPU.ActiveCfg = Release|Any CPU
		{C59F9DD5-80F2-4284-AA98-920ED191BB37}.Release|Any CPU.Build.0 = Release|Any CPU
		{BAE778ED-15FA-4252-800A-8191516EA979}.Debug|Any CPU.ActiveCfg = Debug|Any CPU
		{BAE778ED-15FA-4252-800A-8191516EA979}.Debug|Any CPU.Build.0 = Debug|Any CPU
		{BAE778ED-15FA-4252-800A-8191516EA979}.Release|Any CPU.ActiveCfg = Release|Any CPU
		{BAE778ED-15FA-4252-800A-8191516EA979}.Release|Any CPU.Build.0 = Release|Any CPU
		{7527BBED-9D24-4460-A9AF-DC92539A9291}.Debug|Any CPU.ActiveCfg = Debug|Any CPU
		{7527BBED-9D24-4460-A9AF-DC92539A9291}.Debug|Any CPU.Build.0 = Debug|Any CPU
		{7527BBED-9D24-4460-A9AF-DC92539A9291}.Release|Any CPU.ActiveCfg = Release|Any CPU
		{7527BBED-9D24-4460-A9AF-DC92539A9291}.Release|Any CPU.Build.0 = Release|Any CPU
		{649F3DFE-88B7-4A19-A6FD-241BB436465B}.Debug|Any CPU.ActiveCfg = Debug|Any CPU
		{649F3DFE-88B7-4A19-A6FD-241BB436465B}.Debug|Any CPU.Build.0 = Debug|Any CPU
		{649F3DFE-88B7-4A19-A6FD-241BB436465B}.Release|Any CPU.ActiveCfg = Release|Any CPU
		{649F3DFE-88B7-4A19-A6FD-241BB436465B}.Release|Any CPU.Build.0 = Release|Any CPU
		{75882131-299F-4D93-BAF3-66AD4802A713}.Debug|Any CPU.ActiveCfg = Debug|Any CPU
		{75882131-299F-4D93-BAF3-66AD4802A713}.Debug|Any CPU.Build.0 = Debug|Any CPU
		{75882131-299F-4D93-BAF3-66AD4802A713}.Release|Any CPU.ActiveCfg = Release|Any CPU
		{75882131-299F-4D93-BAF3-66AD4802A713}.Release|Any CPU.Build.0 = Release|Any CPU
		{91D21BF9-77E6-43EE-89D3-29D7E1CE88E6}.Debug|Any CPU.ActiveCfg = Debug|Any CPU
		{91D21BF9-77E6-43EE-89D3-29D7E1CE88E6}.Debug|Any CPU.Build.0 = Debug|Any CPU
		{91D21BF9-77E6-43EE-89D3-29D7E1CE88E6}.Release|Any CPU.ActiveCfg = Release|Any CPU
		{91D21BF9-77E6-43EE-89D3-29D7E1CE88E6}.Release|Any CPU.Build.0 = Release|Any CPU
		{8F582078-DB70-4A2A-8B41-BE7C8D95EAE7}.Debug|Any CPU.ActiveCfg = Debug|Any CPU
		{8F582078-DB70-4A2A-8B41-BE7C8D95EAE7}.Debug|Any CPU.Build.0 = Debug|Any CPU
		{8F582078-DB70-4A2A-8B41-BE7C8D95EAE7}.Release|Any CPU.ActiveCfg = Release|Any CPU
		{8F582078-DB70-4A2A-8B41-BE7C8D95EAE7}.Release|Any CPU.Build.0 = Release|Any CPU
		{6072427A-527D-4724-B7BB-D27C54444D3A}.Debug|Any CPU.ActiveCfg = Debug|Any CPU
		{6072427A-527D-4724-B7BB-D27C54444D3A}.Debug|Any CPU.Build.0 = Debug|Any CPU
		{6072427A-527D-4724-B7BB-D27C54444D3A}.Release|Any CPU.ActiveCfg = Release|Any CPU
		{6072427A-527D-4724-B7BB-D27C54444D3A}.Release|Any CPU.Build.0 = Release|Any CPU
		{A0B9F25B-17CB-4970-97E9-7D111B555F57}.Debug|Any CPU.ActiveCfg = Debug|Any CPU
		{A0B9F25B-17CB-4970-97E9-7D111B555F57}.Debug|Any CPU.Build.0 = Debug|Any CPU
		{A0B9F25B-17CB-4970-97E9-7D111B555F57}.Release|Any CPU.ActiveCfg = Release|Any CPU
		{A0B9F25B-17CB-4970-97E9-7D111B555F57}.Release|Any CPU.Build.0 = Release|Any CPU
		{292D83CF-AF4B-426B-AB3F-0A105698BD08}.Debug|Any CPU.ActiveCfg = Debug|Any CPU
		{292D83CF-AF4B-426B-AB3F-0A105698BD08}.Debug|Any CPU.Build.0 = Debug|Any CPU
		{292D83CF-AF4B-426B-AB3F-0A105698BD08}.Release|Any CPU.ActiveCfg = Release|Any CPU
		{292D83CF-AF4B-426B-AB3F-0A105698BD08}.Release|Any CPU.Build.0 = Release|Any CPU
		{3DCE5E3C-6A0E-4979-A601-83DD600798CD}.Debug|Any CPU.ActiveCfg = Debug|Any CPU
		{3DCE5E3C-6A0E-4979-A601-83DD600798CD}.Debug|Any CPU.Build.0 = Debug|Any CPU
		{3DCE5E3C-6A0E-4979-A601-83DD600798CD}.Release|Any CPU.ActiveCfg = Release|Any CPU
		{3DCE5E3C-6A0E-4979-A601-83DD600798CD}.Release|Any CPU.Build.0 = Release|Any CPU
		{F5DDFA11-96BD-4D2E-8F6C-5FD1F75E7B18}.Debug|Any CPU.ActiveCfg = Debug|Any CPU
		{F5DDFA11-96BD-4D2E-8F6C-5FD1F75E7B18}.Debug|Any CPU.Build.0 = Debug|Any CPU
		{F5DDFA11-96BD-4D2E-8F6C-5FD1F75E7B18}.Release|Any CPU.ActiveCfg = Release|Any CPU
		{F5DDFA11-96BD-4D2E-8F6C-5FD1F75E7B18}.Release|Any CPU.Build.0 = Release|Any CPU
		{1F83C8B4-80C6-4287-9545-8CA6AE530CB9}.Debug|Any CPU.ActiveCfg = Debug|Any CPU
		{1F83C8B4-80C6-4287-9545-8CA6AE530CB9}.Debug|Any CPU.Build.0 = Debug|Any CPU
		{1F83C8B4-80C6-4287-9545-8CA6AE530CB9}.Release|Any CPU.ActiveCfg = Release|Any CPU
		{1F83C8B4-80C6-4287-9545-8CA6AE530CB9}.Release|Any CPU.Build.0 = Release|Any CPU
		{BCD51F38-D211-4A7D-915D-06EBBA6DE333}.Debug|Any CPU.ActiveCfg = Debug|Any CPU
		{BCD51F38-D211-4A7D-915D-06EBBA6DE333}.Debug|Any CPU.Build.0 = Debug|Any CPU
		{BCD51F38-D211-4A7D-915D-06EBBA6DE333}.Release|Any CPU.ActiveCfg = Release|Any CPU
		{BCD51F38-D211-4A7D-915D-06EBBA6DE333}.Release|Any CPU.Build.0 = Release|Any CPU
		{E8E0FBAC-2042-458C-9A84-9F5BBD083D21}.Debug|Any CPU.ActiveCfg = Debug|Any CPU
		{E8E0FBAC-2042-458C-9A84-9F5BBD083D21}.Debug|Any CPU.Build.0 = Debug|Any CPU
		{E8E0FBAC-2042-458C-9A84-9F5BBD083D21}.Release|Any CPU.ActiveCfg = Release|Any CPU
		{E8E0FBAC-2042-458C-9A84-9F5BBD083D21}.Release|Any CPU.Build.0 = Release|Any CPU
		{3841E9E6-058D-4B3A-8A8E-46E605DA7E86}.Debug|Any CPU.ActiveCfg = Debug|Any CPU
		{3841E9E6-058D-4B3A-8A8E-46E605DA7E86}.Debug|Any CPU.Build.0 = Debug|Any CPU
		{3841E9E6-058D-4B3A-8A8E-46E605DA7E86}.Release|Any CPU.ActiveCfg = Release|Any CPU
		{3841E9E6-058D-4B3A-8A8E-46E605DA7E86}.Release|Any CPU.Build.0 = Release|Any CPU
	EndGlobalSection
	GlobalSection(SolutionProperties) = preSolution
		HideSolutionNode = FALSE
	EndGlobalSection
	GlobalSection(NestedProjects) = preSolution
		{696373B6-197F-4E5D-AC49-649E46D4C20E} = {C581030E-4957-438C-A2A9-0E98A3AE86A8}
		{D627C438-F80E-44DF-993A-27D374380887} = {C581030E-4957-438C-A2A9-0E98A3AE86A8}
		{F286B384-5CB5-437F-8637-CF492457CFEC} = {C581030E-4957-438C-A2A9-0E98A3AE86A8}
		{BE20BD4C-018E-42D9-AFB6-C645D98E2F58} = {C581030E-4957-438C-A2A9-0E98A3AE86A8}
		{B398D1DD-4406-4A37-9687-882132A46F3E} = {C581030E-4957-438C-A2A9-0E98A3AE86A8}
		{42ABAE0A-82C0-4BF7-AD76-E747F7D4EA65} = {C581030E-4957-438C-A2A9-0E98A3AE86A8}
		{D26D3032-3E78-4920-A3CA-A28147768932} = {C581030E-4957-438C-A2A9-0E98A3AE86A8}
		{F28A7485-FC81-4041-AF38-EB0603908832} = {C581030E-4957-438C-A2A9-0E98A3AE86A8}
		{41C6B9EA-8D57-4ED8-9EB4-3C76483F38EA} = {C581030E-4957-438C-A2A9-0E98A3AE86A8}
		{EA9C9B10-2751-4EBC-B50C-4D9B5D36B32D} = {C581030E-4957-438C-A2A9-0E98A3AE86A8}
		{9ED8C355-A386-4068-9C23-38983C0FF885} = {C581030E-4957-438C-A2A9-0E98A3AE86A8}
		{9D8298D5-E08F-4A28-B17E-3CE78BEEAACE} = {C581030E-4957-438C-A2A9-0E98A3AE86A8}
		{3593D11D-02D2-41E4-AA2E-93995A6942C3} = {C581030E-4957-438C-A2A9-0E98A3AE86A8}
		{7BF15686-D9C3-4F6B-B696-E79CACF47E69} = {C581030E-4957-438C-A2A9-0E98A3AE86A8}
		{1C1C4429-92B9-4FBF-AFF6-D874E60CA5F6} = {C581030E-4957-438C-A2A9-0E98A3AE86A8}
		{620780BE-855E-47ED-8999-43D73E224C17} = {9D8298D5-E08F-4A28-B17E-3CE78BEEAACE}
		{EBB50A55-82EE-4988-B8D0-FB264D7BA0BB} = {9D8298D5-E08F-4A28-B17E-3CE78BEEAACE}
		{A102DBA1-F311-48FF-AAFE-10A5A67D20A3} = {C581030E-4957-438C-A2A9-0E98A3AE86A8}
		{81BF78F4-6C90-4F1E-9D1D-6EB5B740EB0A} = {D627C438-F80E-44DF-993A-27D374380887}
		{F61B15AC-EB8E-4804-A0F3-C317F123705F} = {D627C438-F80E-44DF-993A-27D374380887}
		{C59F9DD5-80F2-4284-AA98-920ED191BB37} = {F286B384-5CB5-437F-8637-CF492457CFEC}
		{BAE778ED-15FA-4252-800A-8191516EA979} = {F286B384-5CB5-437F-8637-CF492457CFEC}
		{7527BBED-9D24-4460-A9AF-DC92539A9291} = {F286B384-5CB5-437F-8637-CF492457CFEC}
		{649F3DFE-88B7-4A19-A6FD-241BB436465B} = {F286B384-5CB5-437F-8637-CF492457CFEC}
		{75882131-299F-4D93-BAF3-66AD4802A713} = {F286B384-5CB5-437F-8637-CF492457CFEC}
		{91D21BF9-77E6-43EE-89D3-29D7E1CE88E6} = {F286B384-5CB5-437F-8637-CF492457CFEC}
		{8F582078-DB70-4A2A-8B41-BE7C8D95EAE7} = {BE20BD4C-018E-42D9-AFB6-C645D98E2F58}
		{6072427A-527D-4724-B7BB-D27C54444D3A} = {BE20BD4C-018E-42D9-AFB6-C645D98E2F58}
		{A0B9F25B-17CB-4970-97E9-7D111B555F57} = {BE20BD4C-018E-42D9-AFB6-C645D98E2F58}
		{292D83CF-AF4B-426B-AB3F-0A105698BD08} = {BE20BD4C-018E-42D9-AFB6-C645D98E2F58}
		{3DCE5E3C-6A0E-4979-A601-83DD600798CD} = {BE20BD4C-018E-42D9-AFB6-C645D98E2F58}
		{F5DDFA11-96BD-4D2E-8F6C-5FD1F75E7B18} = {BE20BD4C-018E-42D9-AFB6-C645D98E2F58}
		{1F83C8B4-80C6-4287-9545-8CA6AE530CB9} = {BE20BD4C-018E-42D9-AFB6-C645D98E2F58}
		{BCD51F38-D211-4A7D-915D-06EBBA6DE333} = {BE20BD4C-018E-42D9-AFB6-C645D98E2F58}
		{E8E0FBAC-2042-458C-9A84-9F5BBD083D21} = {BE20BD4C-018E-42D9-AFB6-C645D98E2F58}
		{3841E9E6-058D-4B3A-8A8E-46E605DA7E86} = {BE20BD4C-018E-42D9-AFB6-C645D98E2F58}
	EndGlobalSection
	GlobalSection(ExtensibilityGlobals) = postSolution
		SolutionGuid = {9A88110C-6C4D-4227-A047-05BE7B639B9F}
	EndGlobalSection
EndGlobal
